// !$*UTF8*$!
{
	archiveVersion = 1;
	classes = {
	};
	objectVersion = 55;
	objects = {

/* Begin PBXBuildFile section */
		641DFD3328F095C200F13AEA /* AppDelegate.swift in Sources */ = {isa = PBXBuildFile; fileRef = 641DFD3228F095C200F13AEA /* AppDelegate.swift */; };
		641DFD3728F095C200F13AEA /* ViewController.swift in Sources */ = {isa = PBXBuildFile; fileRef = 641DFD3628F095C200F13AEA /* ViewController.swift */; };
		641DFD3A28F095C200F13AEA /* Main.storyboard in Resources */ = {isa = PBXBuildFile; fileRef = 641DFD3828F095C200F13AEA /* Main.storyboard */; };
		641DFD3C28F095C300F13AEA /* Assets.xcassets in Resources */ = {isa = PBXBuildFile; fileRef = 641DFD3B28F095C300F13AEA /* Assets.xcassets */; };
		641DFD3F28F095C300F13AEA /* LaunchScreen.storyboard in Resources */ = {isa = PBXBuildFile; fileRef = 641DFD3D28F095C300F13AEA /* LaunchScreen.storyboard */; };
		641DFD9C28F09CE200F13AEA /* Officee.framework in Frameworks */ = {isa = PBXBuildFile; fileRef = 641DFD9B28F09CE200F13AEA /* Officee.framework */; };
		641DFD9E28F09CE600F13AEA /* OfficeeiOSCore.framework in Frameworks */ = {isa = PBXBuildFile; fileRef = 641DFD9D28F09CE600F13AEA /* OfficeeiOSCore.framework */; };
		641DFDA028F09D3A00F13AEA /* Officee.framework in Embed Frameworks */ = {isa = PBXBuildFile; fileRef = 641DFD9B28F09CE200F13AEA /* Officee.framework */; settings = {ATTRIBUTES = (CodeSignOnCopy, RemoveHeadersOnCopy, ); }; };
		641DFDA128F09D3F00F13AEA /* OfficeeiOSCore.framework in Embed Frameworks */ = {isa = PBXBuildFile; fileRef = 641DFD9D28F09CE600F13AEA /* OfficeeiOSCore.framework */; settings = {ATTRIBUTES = (CodeSignOnCopy, RemoveHeadersOnCopy, ); }; };
		641DFE0028F1ACD100F13AEA /* PeopleFeedRepository.swift in Sources */ = {isa = PBXBuildFile; fileRef = 641DFDFF28F1ACD100F13AEA /* PeopleFeedRepository.swift */; };
		641DFE0528F1ADFE00F13AEA /* RoomsFeedRepository.swift in Sources */ = {isa = PBXBuildFile; fileRef = 641DFE0428F1ADFE00F13AEA /* RoomsFeedRepository.swift */; };
		641DFE0828F1AE6C00F13AEA /* PeopleFeedRequest.swift in Sources */ = {isa = PBXBuildFile; fileRef = 641DFE0728F1AE6C00F13AEA /* PeopleFeedRequest.swift */; };
		641DFE0A28F1AED200F13AEA /* RoomsFeedRequest.swift in Sources */ = {isa = PBXBuildFile; fileRef = 641DFE0928F1AED200F13AEA /* RoomsFeedRequest.swift */; };
		641DFE2328F1BC7000F13AEA /* PeopleFeedRepositoryImpl.swift in Sources */ = {isa = PBXBuildFile; fileRef = 641DFE1128F1B16000F13AEA /* PeopleFeedRepositoryImpl.swift */; };
		641DFE2428F1BC7500F13AEA /* NetworkService+Combine.swift in Sources */ = {isa = PBXBuildFile; fileRef = 641DFE1728F1B68F00F13AEA /* NetworkService+Combine.swift */; };
		64468B9B28F1D077000F901B /* RoomsFeedRepositoryImpl.swift in Sources */ = {isa = PBXBuildFile; fileRef = 64468B9A28F1D077000F901B /* RoomsFeedRepositoryImpl.swift */; };
		64468BC628F1ED1B000F901B /* AppConstants.swift in Sources */ = {isa = PBXBuildFile; fileRef = 64468BC528F1ED1B000F901B /* AppConstants.swift */; };
		64468BC928F1EEF1000F901B /* Swinject in Frameworks */ = {isa = PBXBuildFile; productRef = 64468BC828F1EEF1000F901B /* Swinject */; };
		64468BCD28F1EFD2000F901B /* ServiceLocating.swift in Sources */ = {isa = PBXBuildFile; fileRef = 64468BCC28F1EFD2000F901B /* ServiceLocating.swift */; };
		64468BD028F1EFFA000F901B /* SwinjectServiceLocator.swift in Sources */ = {isa = PBXBuildFile; fileRef = 64468BCF28F1EFFA000F901B /* SwinjectServiceLocator.swift */; };
		64468BD328F1F164000F901B /* SwinjectResolver+ServiceLocating.swift in Sources */ = {isa = PBXBuildFile; fileRef = 64468BD228F1F164000F901B /* SwinjectResolver+ServiceLocating.swift */; };
		64468BD628F1F225000F901B /* NetworkLayerAssembly.swift in Sources */ = {isa = PBXBuildFile; fileRef = 64468BD528F1F225000F901B /* NetworkLayerAssembly.swift */; };
		64468BD828F1F38B000F901B /* StorageAssembly.swift in Sources */ = {isa = PBXBuildFile; fileRef = 64468BD728F1F38B000F901B /* StorageAssembly.swift */; };
		64468BDA28F1F5D9000F901B /* RepositoryAssembly.swift in Sources */ = {isa = PBXBuildFile; fileRef = 64468BD928F1F5D9000F901B /* RepositoryAssembly.swift */; };
/* End PBXBuildFile section */

/* Begin PBXCopyFilesBuildPhase section */
		641DFD9F28F09D1300F13AEA /* Embed Frameworks */ = {
			isa = PBXCopyFilesBuildPhase;
			buildActionMask = 2147483647;
			dstPath = "";
			dstSubfolderSpec = 10;
			files = (
				641DFDA128F09D3F00F13AEA /* OfficeeiOSCore.framework in Embed Frameworks */,
				641DFDA028F09D3A00F13AEA /* Officee.framework in Embed Frameworks */,
			);
			name = "Embed Frameworks";
			runOnlyForDeploymentPostprocessing = 0;
		};
/* End PBXCopyFilesBuildPhase section */

/* Begin PBXFileReference section */
		641DFD2F28F095C200F13AEA /* OfficeeApp.app */ = {isa = PBXFileReference; explicitFileType = wrapper.application; includeInIndex = 0; path = OfficeeApp.app; sourceTree = BUILT_PRODUCTS_DIR; };
		641DFD3228F095C200F13AEA /* AppDelegate.swift */ = {isa = PBXFileReference; lastKnownFileType = sourcecode.swift; path = AppDelegate.swift; sourceTree = "<group>"; };
		641DFD3628F095C200F13AEA /* ViewController.swift */ = {isa = PBXFileReference; lastKnownFileType = sourcecode.swift; path = ViewController.swift; sourceTree = "<group>"; };
		641DFD3928F095C200F13AEA /* Base */ = {isa = PBXFileReference; lastKnownFileType = file.storyboard; name = Base; path = Base.lproj/Main.storyboard; sourceTree = "<group>"; };
		641DFD3B28F095C300F13AEA /* Assets.xcassets */ = {isa = PBXFileReference; lastKnownFileType = folder.assetcatalog; path = Assets.xcassets; sourceTree = "<group>"; };
		641DFD3E28F095C300F13AEA /* Base */ = {isa = PBXFileReference; lastKnownFileType = file.storyboard; name = Base; path = Base.lproj/LaunchScreen.storyboard; sourceTree = "<group>"; };
		641DFD4028F095C300F13AEA /* Info.plist */ = {isa = PBXFileReference; lastKnownFileType = text.plist.xml; path = Info.plist; sourceTree = "<group>"; };
		641DFD9B28F09CE200F13AEA /* Officee.framework */ = {isa = PBXFileReference; explicitFileType = wrapper.framework; path = Officee.framework; sourceTree = BUILT_PRODUCTS_DIR; };
		641DFD9D28F09CE600F13AEA /* OfficeeiOSCore.framework */ = {isa = PBXFileReference; explicitFileType = wrapper.framework; path = OfficeeiOSCore.framework; sourceTree = BUILT_PRODUCTS_DIR; };
		641DFDFF28F1ACD100F13AEA /* PeopleFeedRepository.swift */ = {isa = PBXFileReference; lastKnownFileType = sourcecode.swift; path = PeopleFeedRepository.swift; sourceTree = "<group>"; };
		641DFE0428F1ADFE00F13AEA /* RoomsFeedRepository.swift */ = {isa = PBXFileReference; lastKnownFileType = sourcecode.swift; path = RoomsFeedRepository.swift; sourceTree = "<group>"; };
		641DFE0728F1AE6C00F13AEA /* PeopleFeedRequest.swift */ = {isa = PBXFileReference; lastKnownFileType = sourcecode.swift; path = PeopleFeedRequest.swift; sourceTree = "<group>"; };
		641DFE0928F1AED200F13AEA /* RoomsFeedRequest.swift */ = {isa = PBXFileReference; lastKnownFileType = sourcecode.swift; path = RoomsFeedRequest.swift; sourceTree = "<group>"; };
		641DFE1128F1B16000F13AEA /* PeopleFeedRepositoryImpl.swift */ = {isa = PBXFileReference; lastKnownFileType = sourcecode.swift; path = PeopleFeedRepositoryImpl.swift; sourceTree = "<group>"; };
		641DFE1728F1B68F00F13AEA /* NetworkService+Combine.swift */ = {isa = PBXFileReference; lastKnownFileType = sourcecode.swift; path = "NetworkService+Combine.swift"; sourceTree = "<group>"; };
		64468B9A28F1D077000F901B /* RoomsFeedRepositoryImpl.swift */ = {isa = PBXFileReference; lastKnownFileType = sourcecode.swift; path = RoomsFeedRepositoryImpl.swift; sourceTree = "<group>"; };
		64468BC528F1ED1B000F901B /* AppConstants.swift */ = {isa = PBXFileReference; lastKnownFileType = sourcecode.swift; path = AppConstants.swift; sourceTree = "<group>"; };
		64468BCC28F1EFD2000F901B /* ServiceLocating.swift */ = {isa = PBXFileReference; lastKnownFileType = sourcecode.swift; path = ServiceLocating.swift; sourceTree = "<group>"; };
		64468BCF28F1EFFA000F901B /* SwinjectServiceLocator.swift */ = {isa = PBXFileReference; lastKnownFileType = sourcecode.swift; path = SwinjectServiceLocator.swift; sourceTree = "<group>"; };
		64468BD228F1F164000F901B /* SwinjectResolver+ServiceLocating.swift */ = {isa = PBXFileReference; lastKnownFileType = sourcecode.swift; path = "SwinjectResolver+ServiceLocating.swift"; sourceTree = "<group>"; };
		64468BD528F1F225000F901B /* NetworkLayerAssembly.swift */ = {isa = PBXFileReference; lastKnownFileType = sourcecode.swift; path = NetworkLayerAssembly.swift; sourceTree = "<group>"; };
		64468BD728F1F38B000F901B /* StorageAssembly.swift */ = {isa = PBXFileReference; lastKnownFileType = sourcecode.swift; path = StorageAssembly.swift; sourceTree = "<group>"; };
		64468BD928F1F5D9000F901B /* RepositoryAssembly.swift */ = {isa = PBXFileReference; lastKnownFileType = sourcecode.swift; path = RepositoryAssembly.swift; sourceTree = "<group>"; };
/* End PBXFileReference section */

/* Begin PBXFrameworksBuildPhase section */
		641DFD2C28F095C200F13AEA /* Frameworks */ = {
			isa = PBXFrameworksBuildPhase;
			buildActionMask = 2147483647;
			files = (
				641DFD9E28F09CE600F13AEA /* OfficeeiOSCore.framework in Frameworks */,
				641DFD9C28F09CE200F13AEA /* Officee.framework in Frameworks */,
				64468BC928F1EEF1000F901B /* Swinject in Frameworks */,
			);
			runOnlyForDeploymentPostprocessing = 0;
		};
/* End PBXFrameworksBuildPhase section */

/* Begin PBXGroup section */
		641DFD2628F095C200F13AEA = {
			isa = PBXGroup;
			children = (
				641DFD3128F095C200F13AEA /* OfficeeApp */,
				641DFD3028F095C200F13AEA /* Products */,
				641DFD9A28F09CE200F13AEA /* Frameworks */,
			);
			sourceTree = "<group>";
		};
		641DFD3028F095C200F13AEA /* Products */ = {
			isa = PBXGroup;
			children = (
				641DFD2F28F095C200F13AEA /* OfficeeApp.app */,
			);
			name = Products;
			sourceTree = "<group>";
		};
		641DFD3128F095C200F13AEA /* OfficeeApp */ = {
			isa = PBXGroup;
			children = (
				64468BC428F1ED03000F901B /* Application */,
				641DFE1528F1B66600F13AEA /* Infrastructure */,
				641DFE0128F1AD8C00F13AEA /* People Feed */,
				641DFE0228F1ADDB00F13AEA /* Rooms Feed */,
				64468BCA28F1EFAB000F901B /* ServiceLocator */,
				641DFD3628F095C200F13AEA /* ViewController.swift */,
				641DFD3828F095C200F13AEA /* Main.storyboard */,
				641DFD3B28F095C300F13AEA /* Assets.xcassets */,
				641DFD3D28F095C300F13AEA /* LaunchScreen.storyboard */,
				641DFD4028F095C300F13AEA /* Info.plist */,
			);
			path = OfficeeApp;
			sourceTree = "<group>";
		};
		641DFD9A28F09CE200F13AEA /* Frameworks */ = {
			isa = PBXGroup;
			children = (
				641DFD9D28F09CE600F13AEA /* OfficeeiOSCore.framework */,
				641DFD9B28F09CE200F13AEA /* Officee.framework */,
			);
			name = Frameworks;
			sourceTree = "<group>";
		};
		641DFE0128F1AD8C00F13AEA /* People Feed */ = {
			isa = PBXGroup;
			children = (
				641DFE1028F1B15100F13AEA /* Data */,
				641DFE0B28F1AFC700F13AEA /* Domain */,
			);
			path = "People Feed";
			sourceTree = "<group>";
		};
		641DFE0228F1ADDB00F13AEA /* Rooms Feed */ = {
			isa = PBXGroup;
			children = (
				64468B9828F1D058000F901B /* Data */,
				641DFE0F28F1B10600F13AEA /* Domain */,
			);
			path = "Rooms Feed";
			sourceTree = "<group>";
		};
		641DFE0B28F1AFC700F13AEA /* Domain */ = {
			isa = PBXGroup;
			children = (
				641DFE0728F1AE6C00F13AEA /* PeopleFeedRequest.swift */,
				641DFDFF28F1ACD100F13AEA /* PeopleFeedRepository.swift */,
			);
			path = Domain;
			sourceTree = "<group>";
		};
		641DFE0F28F1B10600F13AEA /* Domain */ = {
			isa = PBXGroup;
			children = (
				641DFE0928F1AED200F13AEA /* RoomsFeedRequest.swift */,
				641DFE0428F1ADFE00F13AEA /* RoomsFeedRepository.swift */,
			);
			path = Domain;
			sourceTree = "<group>";
		};
		641DFE1028F1B15100F13AEA /* Data */ = {
			isa = PBXGroup;
			children = (
				641DFE1328F1B17200F13AEA /* Repositories */,
			);
			path = Data;
			sourceTree = "<group>";
		};
		641DFE1328F1B17200F13AEA /* Repositories */ = {
			isa = PBXGroup;
			children = (
				641DFE1128F1B16000F13AEA /* PeopleFeedRepositoryImpl.swift */,
			);
			path = Repositories;
			sourceTree = "<group>";
		};
		641DFE1528F1B66600F13AEA /* Infrastructure */ = {
			isa = PBXGroup;
			children = (
				641DFE1628F1B66F00F13AEA /* Network */,
			);
			path = Infrastructure;
			sourceTree = "<group>";
		};
		641DFE1628F1B66F00F13AEA /* Network */ = {
			isa = PBXGroup;
			children = (
				641DFE1728F1B68F00F13AEA /* NetworkService+Combine.swift */,
			);
			path = Network;
			sourceTree = "<group>";
		};
		64468B9828F1D058000F901B /* Data */ = {
			isa = PBXGroup;
			children = (
				64468B9928F1D05C000F901B /* repositories */,
			);
			path = Data;
			sourceTree = "<group>";
		};
		64468B9928F1D05C000F901B /* repositories */ = {
			isa = PBXGroup;
			children = (
				64468B9A28F1D077000F901B /* RoomsFeedRepositoryImpl.swift */,
			);
			path = repositories;
			sourceTree = "<group>";
		};
		64468BC428F1ED03000F901B /* Application */ = {
			isa = PBXGroup;
			children = (
				641DFD3228F095C200F13AEA /* AppDelegate.swift */,
				64468BC528F1ED1B000F901B /* AppConstants.swift */,
			);
			path = Application;
			sourceTree = "<group>";
		};
		64468BCA28F1EFAB000F901B /* ServiceLocator */ = {
			isa = PBXGroup;
			children = (
				64468BD428F1F204000F901B /* Assembly */,
				64468BCE28F1EFF4000F901B /* Driver */,
				64468BCC28F1EFD2000F901B /* ServiceLocating.swift */,
			);
			path = ServiceLocator;
			sourceTree = "<group>";
		};
		64468BCE28F1EFF4000F901B /* Driver */ = {
			isa = PBXGroup;
			children = (
				64468BCF28F1EFFA000F901B /* SwinjectServiceLocator.swift */,
				64468BD228F1F164000F901B /* SwinjectResolver+ServiceLocating.swift */,
			);
			path = Driver;
			sourceTree = "<group>";
		};
		64468BD428F1F204000F901B /* Assembly */ = {
			isa = PBXGroup;
			children = (
				64468BD528F1F225000F901B /* NetworkLayerAssembly.swift */,
				64468BD728F1F38B000F901B /* StorageAssembly.swift */,
				64468BD928F1F5D9000F901B /* RepositoryAssembly.swift */,
			);
			path = Assembly;
			sourceTree = "<group>";
		};
/* End PBXGroup section */

/* Begin PBXNativeTarget section */
		641DFD2E28F095C200F13AEA /* OfficeeApp */ = {
			isa = PBXNativeTarget;
			buildConfigurationList = 641DFD4328F095C300F13AEA /* Build configuration list for PBXNativeTarget "OfficeeApp" */;
			buildPhases = (
				641DFD2B28F095C200F13AEA /* Sources */,
				641DFD2C28F095C200F13AEA /* Frameworks */,
				641DFD2D28F095C200F13AEA /* Resources */,
				641DFD9F28F09D1300F13AEA /* Embed Frameworks */,
				641DFDA328F0A55D00F13AEA /* Swift Lint */,
			);
			buildRules = (
			);
			dependencies = (
			);
			name = OfficeeApp;
			packageProductDependencies = (
				64468BC828F1EEF1000F901B /* Swinject */,
			);
			productName = OfficeeApp;
			productReference = 641DFD2F28F095C200F13AEA /* OfficeeApp.app */;
			productType = "com.apple.product-type.application";
		};
/* End PBXNativeTarget section */

/* Begin PBXProject section */
		641DFD2728F095C200F13AEA /* Project object */ = {
			isa = PBXProject;
			attributes = {
				BuildIndependentTargetsInParallel = 1;
				LastSwiftUpdateCheck = 1340;
				LastUpgradeCheck = 1340;
				TargetAttributes = {
					641DFD2E28F095C200F13AEA = {
						CreatedOnToolsVersion = 13.4.1;
					};
				};
			};
			buildConfigurationList = 641DFD2A28F095C200F13AEA /* Build configuration list for PBXProject "OfficeeApp" */;
			compatibilityVersion = "Xcode 13.0";
			developmentRegion = en;
			hasScannedForEncodings = 0;
			knownRegions = (
				en,
				Base,
			);
			mainGroup = 641DFD2628F095C200F13AEA;
			packageReferences = (
				64468BC728F1EEF1000F901B /* XCRemoteSwiftPackageReference "Swinject" */,
			);
			productRefGroup = 641DFD3028F095C200F13AEA /* Products */;
			projectDirPath = "";
			projectRoot = "";
			targets = (
				641DFD2E28F095C200F13AEA /* OfficeeApp */,
			);
		};
/* End PBXProject section */

/* Begin PBXResourcesBuildPhase section */
		641DFD2D28F095C200F13AEA /* Resources */ = {
			isa = PBXResourcesBuildPhase;
			buildActionMask = 2147483647;
			files = (
				641DFD3F28F095C300F13AEA /* LaunchScreen.storyboard in Resources */,
				641DFD3C28F095C300F13AEA /* Assets.xcassets in Resources */,
				641DFD3A28F095C200F13AEA /* Main.storyboard in Resources */,
			);
			runOnlyForDeploymentPostprocessing = 0;
		};
/* End PBXResourcesBuildPhase section */

/* Begin PBXShellScriptBuildPhase section */
		641DFDA328F0A55D00F13AEA /* Swift Lint */ = {
			isa = PBXShellScriptBuildPhase;
			buildActionMask = 2147483647;
			files = (
			);
			inputFileListPaths = (
			);
			inputPaths = (
			);
			name = "Swift Lint";
			outputFileListPaths = (
			);
			outputPaths = (
			);
			runOnlyForDeploymentPostprocessing = 0;
			shellPath = /bin/sh;
			shellScript = "export PATH=\"$PATH:/opt/homebrew/bin\"\nif which swiftlint >/dev/null; then\n  swiftlint\nelse\n  echo \"warning: SwiftLint not installed, download from https://github.com/realm/SwiftLint\"\nfi\n";
		};
/* End PBXShellScriptBuildPhase section */

/* Begin PBXSourcesBuildPhase section */
		641DFD2B28F095C200F13AEA /* Sources */ = {
			isa = PBXSourcesBuildPhase;
			buildActionMask = 2147483647;
			files = (
				641DFE0828F1AE6C00F13AEA /* PeopleFeedRequest.swift in Sources */,
				641DFE0528F1ADFE00F13AEA /* RoomsFeedRepository.swift in Sources */,
				64468B9B28F1D077000F901B /* RoomsFeedRepositoryImpl.swift in Sources */,
				64468BDA28F1F5D9000F901B /* RepositoryAssembly.swift in Sources */,
				64468BCD28F1EFD2000F901B /* ServiceLocating.swift in Sources */,
				64468BD328F1F164000F901B /* SwinjectResolver+ServiceLocating.swift in Sources */,
				641DFE2428F1BC7500F13AEA /* NetworkService+Combine.swift in Sources */,
				64468BD628F1F225000F901B /* NetworkLayerAssembly.swift in Sources */,
				641DFD3728F095C200F13AEA /* ViewController.swift in Sources */,
				641DFE0028F1ACD100F13AEA /* PeopleFeedRepository.swift in Sources */,
				64468BD028F1EFFA000F901B /* SwinjectServiceLocator.swift in Sources */,
				641DFE0A28F1AED200F13AEA /* RoomsFeedRequest.swift in Sources */,
				641DFD3328F095C200F13AEA /* AppDelegate.swift in Sources */,
				641DFE2328F1BC7000F13AEA /* PeopleFeedRepositoryImpl.swift in Sources */,
				64468BC628F1ED1B000F901B /* AppConstants.swift in Sources */,
				64468BD828F1F38B000F901B /* StorageAssembly.swift in Sources */,
			);
			runOnlyForDeploymentPostprocessing = 0;
		};
/* End PBXSourcesBuildPhase section */

/* Begin PBXVariantGroup section */
		641DFD3828F095C200F13AEA /* Main.storyboard */ = {
			isa = PBXVariantGroup;
			children = (
				641DFD3928F095C200F13AEA /* Base */,
			);
			name = Main.storyboard;
			sourceTree = "<group>";
		};
		641DFD3D28F095C300F13AEA /* LaunchScreen.storyboard */ = {
			isa = PBXVariantGroup;
			children = (
				641DFD3E28F095C300F13AEA /* Base */,
			);
			name = LaunchScreen.storyboard;
			sourceTree = "<group>";
		};
/* End PBXVariantGroup section */

/* Begin XCBuildConfiguration section */
		641DFD4128F095C300F13AEA /* Debug */ = {
			isa = XCBuildConfiguration;
			buildSettings = {
				ALWAYS_SEARCH_USER_PATHS = NO;
				CLANG_ANALYZER_NONNULL = YES;
				CLANG_ANALYZER_NUMBER_OBJECT_CONVERSION = YES_AGGRESSIVE;
				CLANG_CXX_LANGUAGE_STANDARD = "gnu++17";
				CLANG_ENABLE_MODULES = YES;
				CLANG_ENABLE_OBJC_ARC = YES;
				CLANG_ENABLE_OBJC_WEAK = YES;
				CLANG_WARN_BLOCK_CAPTURE_AUTORELEASING = YES;
				CLANG_WARN_BOOL_CONVERSION = YES;
				CLANG_WARN_COMMA = YES;
				CLANG_WARN_CONSTANT_CONVERSION = YES;
				CLANG_WARN_DEPRECATED_OBJC_IMPLEMENTATIONS = YES;
				CLANG_WARN_DIRECT_OBJC_ISA_USAGE = YES_ERROR;
				CLANG_WARN_DOCUMENTATION_COMMENTS = YES;
				CLANG_WARN_EMPTY_BODY = YES;
				CLANG_WARN_ENUM_CONVERSION = YES;
				CLANG_WARN_INFINITE_RECURSION = YES;
				CLANG_WARN_INT_CONVERSION = YES;
				CLANG_WARN_NON_LITERAL_NULL_CONVERSION = YES;
				CLANG_WARN_OBJC_IMPLICIT_RETAIN_SELF = YES;
				CLANG_WARN_OBJC_LITERAL_CONVERSION = YES;
				CLANG_WARN_OBJC_ROOT_CLASS = YES_ERROR;
				CLANG_WARN_QUOTED_INCLUDE_IN_FRAMEWORK_HEADER = YES;
				CLANG_WARN_RANGE_LOOP_ANALYSIS = YES;
				CLANG_WARN_STRICT_PROTOTYPES = YES;
				CLANG_WARN_SUSPICIOUS_MOVE = YES;
				CLANG_WARN_UNGUARDED_AVAILABILITY = YES_AGGRESSIVE;
				CLANG_WARN_UNREACHABLE_CODE = YES;
				CLANG_WARN__DUPLICATE_METHOD_MATCH = YES;
				COPY_PHASE_STRIP = NO;
				DEBUG_INFORMATION_FORMAT = dwarf;
				ENABLE_STRICT_OBJC_MSGSEND = YES;
				ENABLE_TESTABILITY = YES;
				GCC_C_LANGUAGE_STANDARD = gnu11;
				GCC_DYNAMIC_NO_PIC = NO;
				GCC_NO_COMMON_BLOCKS = YES;
				GCC_OPTIMIZATION_LEVEL = 0;
				GCC_PREPROCESSOR_DEFINITIONS = (
					"DEBUG=1",
					"$(inherited)",
				);
				GCC_WARN_64_TO_32_BIT_CONVERSION = YES;
				GCC_WARN_ABOUT_RETURN_TYPE = YES_ERROR;
				GCC_WARN_UNDECLARED_SELECTOR = YES;
				GCC_WARN_UNINITIALIZED_AUTOS = YES_AGGRESSIVE;
				GCC_WARN_UNUSED_FUNCTION = YES;
				GCC_WARN_UNUSED_VARIABLE = YES;
				IPHONEOS_DEPLOYMENT_TARGET = 15.5;
				MTL_ENABLE_DEBUG_INFO = INCLUDE_SOURCE;
				MTL_FAST_MATH = YES;
				ONLY_ACTIVE_ARCH = YES;
				SDKROOT = iphoneos;
				SWIFT_ACTIVE_COMPILATION_CONDITIONS = DEBUG;
				SWIFT_OPTIMIZATION_LEVEL = "-Onone";
			};
			name = Debug;
		};
		641DFD4228F095C300F13AEA /* Release */ = {
			isa = XCBuildConfiguration;
			buildSettings = {
				ALWAYS_SEARCH_USER_PATHS = NO;
				CLANG_ANALYZER_NONNULL = YES;
				CLANG_ANALYZER_NUMBER_OBJECT_CONVERSION = YES_AGGRESSIVE;
				CLANG_CXX_LANGUAGE_STANDARD = "gnu++17";
				CLANG_ENABLE_MODULES = YES;
				CLANG_ENABLE_OBJC_ARC = YES;
				CLANG_ENABLE_OBJC_WEAK = YES;
				CLANG_WARN_BLOCK_CAPTURE_AUTORELEASING = YES;
				CLANG_WARN_BOOL_CONVERSION = YES;
				CLANG_WARN_COMMA = YES;
				CLANG_WARN_CONSTANT_CONVERSION = YES;
				CLANG_WARN_DEPRECATED_OBJC_IMPLEMENTATIONS = YES;
				CLANG_WARN_DIRECT_OBJC_ISA_USAGE = YES_ERROR;
				CLANG_WARN_DOCUMENTATION_COMMENTS = YES;
				CLANG_WARN_EMPTY_BODY = YES;
				CLANG_WARN_ENUM_CONVERSION = YES;
				CLANG_WARN_INFINITE_RECURSION = YES;
				CLANG_WARN_INT_CONVERSION = YES;
				CLANG_WARN_NON_LITERAL_NULL_CONVERSION = YES;
				CLANG_WARN_OBJC_IMPLICIT_RETAIN_SELF = YES;
				CLANG_WARN_OBJC_LITERAL_CONVERSION = YES;
				CLANG_WARN_OBJC_ROOT_CLASS = YES_ERROR;
				CLANG_WARN_QUOTED_INCLUDE_IN_FRAMEWORK_HEADER = YES;
				CLANG_WARN_RANGE_LOOP_ANALYSIS = YES;
				CLANG_WARN_STRICT_PROTOTYPES = YES;
				CLANG_WARN_SUSPICIOUS_MOVE = YES;
				CLANG_WARN_UNGUARDED_AVAILABILITY = YES_AGGRESSIVE;
				CLANG_WARN_UNREACHABLE_CODE = YES;
				CLANG_WARN__DUPLICATE_METHOD_MATCH = YES;
				COPY_PHASE_STRIP = NO;
				DEBUG_INFORMATION_FORMAT = "dwarf-with-dsym";
				ENABLE_NS_ASSERTIONS = NO;
				ENABLE_STRICT_OBJC_MSGSEND = YES;
				GCC_C_LANGUAGE_STANDARD = gnu11;
				GCC_NO_COMMON_BLOCKS = YES;
				GCC_WARN_64_TO_32_BIT_CONVERSION = YES;
				GCC_WARN_ABOUT_RETURN_TYPE = YES_ERROR;
				GCC_WARN_UNDECLARED_SELECTOR = YES;
				GCC_WARN_UNINITIALIZED_AUTOS = YES_AGGRESSIVE;
				GCC_WARN_UNUSED_FUNCTION = YES;
				GCC_WARN_UNUSED_VARIABLE = YES;
				IPHONEOS_DEPLOYMENT_TARGET = 15.5;
				MTL_ENABLE_DEBUG_INFO = NO;
				MTL_FAST_MATH = YES;
				SDKROOT = iphoneos;
				SWIFT_COMPILATION_MODE = wholemodule;
				SWIFT_OPTIMIZATION_LEVEL = "-O";
				VALIDATE_PRODUCT = YES;
			};
			name = Release;
		};
		641DFD4428F095C300F13AEA /* Debug */ = {
			isa = XCBuildConfiguration;
			buildSettings = {
				ASSETCATALOG_COMPILER_APPICON_NAME = AppIcon;
				ASSETCATALOG_COMPILER_GLOBAL_ACCENT_COLOR_NAME = AccentColor;
				CODE_SIGN_STYLE = Automatic;
				CURRENT_PROJECT_VERSION = 1;
				GENERATE_INFOPLIST_FILE = YES;
				INFOPLIST_FILE = OfficeeApp/Info.plist;
				INFOPLIST_KEY_UIApplicationSupportsIndirectInputEvents = YES;
				INFOPLIST_KEY_UILaunchStoryboardName = LaunchScreen;
				INFOPLIST_KEY_UIMainStoryboardFile = Main;
				INFOPLIST_KEY_UISupportedInterfaceOrientations = UIInterfaceOrientationPortrait;
				INFOPLIST_KEY_UISupportedInterfaceOrientations_iPad = "UIInterfaceOrientationPortrait UIInterfaceOrientationPortraitUpsideDown UIInterfaceOrientationLandscapeLeft UIInterfaceOrientationLandscapeRight";
				INFOPLIST_KEY_UISupportedInterfaceOrientations_iPhone = "UIInterfaceOrientationPortrait UIInterfaceOrientationLandscapeLeft UIInterfaceOrientationLandscapeRight";
				IPHONEOS_DEPLOYMENT_TARGET = 14.0;
				LD_RUNPATH_SEARCH_PATHS = (
					"$(inherited)",
					"@executable_path/Frameworks",
				);
				MARKETING_VERSION = 1.0;
				PRODUCT_BUNDLE_IDENTIFIER = valeriy.litovchenko.OfficeeApp;
				PRODUCT_NAME = "$(TARGET_NAME)";
				SWIFT_EMIT_LOC_STRINGS = YES;
				SWIFT_VERSION = 5.0;
				TARGETED_DEVICE_FAMILY = "1,2";
			};
			name = Debug;
		};
		641DFD4528F095C300F13AEA /* Release */ = {
			isa = XCBuildConfiguration;
			buildSettings = {
				ASSETCATALOG_COMPILER_APPICON_NAME = AppIcon;
				ASSETCATALOG_COMPILER_GLOBAL_ACCENT_COLOR_NAME = AccentColor;
				CODE_SIGN_STYLE = Automatic;
				CURRENT_PROJECT_VERSION = 1;
				GENERATE_INFOPLIST_FILE = YES;
				INFOPLIST_FILE = OfficeeApp/Info.plist;
				INFOPLIST_KEY_UIApplicationSupportsIndirectInputEvents = YES;
				INFOPLIST_KEY_UILaunchStoryboardName = LaunchScreen;
				INFOPLIST_KEY_UIMainStoryboardFile = Main;
				INFOPLIST_KEY_UISupportedInterfaceOrientations = UIInterfaceOrientationPortrait;
				INFOPLIST_KEY_UISupportedInterfaceOrientations_iPad = "UIInterfaceOrientationPortrait UIInterfaceOrientationPortraitUpsideDown UIInterfaceOrientationLandscapeLeft UIInterfaceOrientationLandscapeRight";
				INFOPLIST_KEY_UISupportedInterfaceOrientations_iPhone = "UIInterfaceOrientationPortrait UIInterfaceOrientationLandscapeLeft UIInterfaceOrientationLandscapeRight";
				IPHONEOS_DEPLOYMENT_TARGET = 14.0;
				LD_RUNPATH_SEARCH_PATHS = (
					"$(inherited)",
					"@executable_path/Frameworks",
				);
				MARKETING_VERSION = 1.0;
				PRODUCT_BUNDLE_IDENTIFIER = valeriy.litovchenko.OfficeeApp;
				PRODUCT_NAME = "$(TARGET_NAME)";
				SWIFT_EMIT_LOC_STRINGS = YES;
				SWIFT_VERSION = 5.0;
				TARGETED_DEVICE_FAMILY = "1,2";
			};
			name = Release;
		};
/* End XCBuildConfiguration section */

/* Begin XCConfigurationList section */
		641DFD2A28F095C200F13AEA /* Build configuration list for PBXProject "OfficeeApp" */ = {
			isa = XCConfigurationList;
			buildConfigurations = (
				641DFD4128F095C300F13AEA /* Debug */,
				641DFD4228F095C300F13AEA /* Release */,
			);
			defaultConfigurationIsVisible = 0;
			defaultConfigurationName = Release;
		};
		641DFD4328F095C300F13AEA /* Build configuration list for PBXNativeTarget "OfficeeApp" */ = {
			isa = XCConfigurationList;
			buildConfigurations = (
				641DFD4428F095C300F13AEA /* Debug */,
				641DFD4528F095C300F13AEA /* Release */,
			);
			defaultConfigurationIsVisible = 0;
			defaultConfigurationName = Release;
		};
/* End XCConfigurationList section */

/* Begin XCRemoteSwiftPackageReference section */
		64468BC728F1EEF1000F901B /* XCRemoteSwiftPackageReference "Swinject" */ = {
			isa = XCRemoteSwiftPackageReference;
			repositoryURL = "https://github.com/Swinject/Swinject.git";
			requirement = {
				kind = upToNextMajorVersion;
				minimumVersion = 2.0.0;
			};
		};
/* End XCRemoteSwiftPackageReference section */

/* Begin XCSwiftPackageProductDependency section */
		64468BC828F1EEF1000F901B /* Swinject */ = {
			isa = XCSwiftPackageProductDependency;
			package = 64468BC728F1EEF1000F901B /* XCRemoteSwiftPackageReference "Swinject" */;
			productName = Swinject;
		};
/* End XCSwiftPackageProductDependency section */
	};
	rootObject = 641DFD2728F095C200F13AEA /* Project object */;
}
