// !$*UTF8*$!
{
	archiveVersion = 1;
	classes = {
	};
	objectVersion = 55;
	objects = {

/* Begin PBXBuildFile section */
		641DFD3328F095C200F13AEA /* AppDelegate.swift in Sources */ = {isa = PBXBuildFile; fileRef = 641DFD3228F095C200F13AEA /* AppDelegate.swift */; };
		641DFD3C28F095C300F13AEA /* Assets.xcassets in Resources */ = {isa = PBXBuildFile; fileRef = 641DFD3B28F095C300F13AEA /* Assets.xcassets */; };
		641DFD3F28F095C300F13AEA /* LaunchScreen.storyboard in Resources */ = {isa = PBXBuildFile; fileRef = 641DFD3D28F095C300F13AEA /* LaunchScreen.storyboard */; };
		641DFD9C28F09CE200F13AEA /* Officee.framework in Frameworks */ = {isa = PBXBuildFile; fileRef = 641DFD9B28F09CE200F13AEA /* Officee.framework */; };
		641DFD9E28F09CE600F13AEA /* OfficeeiOSCore.framework in Frameworks */ = {isa = PBXBuildFile; fileRef = 641DFD9D28F09CE600F13AEA /* OfficeeiOSCore.framework */; };
		641DFDA028F09D3A00F13AEA /* Officee.framework in Embed Frameworks */ = {isa = PBXBuildFile; fileRef = 641DFD9B28F09CE200F13AEA /* Officee.framework */; settings = {ATTRIBUTES = (CodeSignOnCopy, RemoveHeadersOnCopy, ); }; };
		641DFDA128F09D3F00F13AEA /* OfficeeiOSCore.framework in Embed Frameworks */ = {isa = PBXBuildFile; fileRef = 641DFD9D28F09CE600F13AEA /* OfficeeiOSCore.framework */; settings = {ATTRIBUTES = (CodeSignOnCopy, RemoveHeadersOnCopy, ); }; };
		641DFE0028F1ACD100F13AEA /* PeopleFeedRepository.swift in Sources */ = {isa = PBXBuildFile; fileRef = 641DFDFF28F1ACD100F13AEA /* PeopleFeedRepository.swift */; };
		641DFE0528F1ADFE00F13AEA /* RoomsFeedRepository.swift in Sources */ = {isa = PBXBuildFile; fileRef = 641DFE0428F1ADFE00F13AEA /* RoomsFeedRepository.swift */; };
		641DFE0828F1AE6C00F13AEA /* PeopleFeedRequest.swift in Sources */ = {isa = PBXBuildFile; fileRef = 641DFE0728F1AE6C00F13AEA /* PeopleFeedRequest.swift */; };
		641DFE0A28F1AED200F13AEA /* RoomsFeedRequest.swift in Sources */ = {isa = PBXBuildFile; fileRef = 641DFE0928F1AED200F13AEA /* RoomsFeedRequest.swift */; };
		641DFE2328F1BC7000F13AEA /* PeopleFeedRepositoryImpl.swift in Sources */ = {isa = PBXBuildFile; fileRef = 641DFE1128F1B16000F13AEA /* PeopleFeedRepositoryImpl.swift */; };
		641DFE2428F1BC7500F13AEA /* NetworkService+Combine.swift in Sources */ = {isa = PBXBuildFile; fileRef = 641DFE1728F1B68F00F13AEA /* NetworkService+Combine.swift */; };
		64468B9B28F1D077000F901B /* RoomsFeedRepositoryImpl.swift in Sources */ = {isa = PBXBuildFile; fileRef = 64468B9A28F1D077000F901B /* RoomsFeedRepositoryImpl.swift */; };
		64468BC628F1ED1B000F901B /* AppConstants.swift in Sources */ = {isa = PBXBuildFile; fileRef = 64468BC528F1ED1B000F901B /* AppConstants.swift */; };
		64468BC928F1EEF1000F901B /* Swinject in Frameworks */ = {isa = PBXBuildFile; productRef = 64468BC828F1EEF1000F901B /* Swinject */; };
		64468BCD28F1EFD2000F901B /* ServiceLocating.swift in Sources */ = {isa = PBXBuildFile; fileRef = 64468BCC28F1EFD2000F901B /* ServiceLocating.swift */; };
		64468BD028F1EFFA000F901B /* SwinjectServiceLocator.swift in Sources */ = {isa = PBXBuildFile; fileRef = 64468BCF28F1EFFA000F901B /* SwinjectServiceLocator.swift */; };
		64468BD328F1F164000F901B /* SwinjectResolver+ServiceLocating.swift in Sources */ = {isa = PBXBuildFile; fileRef = 64468BD228F1F164000F901B /* SwinjectResolver+ServiceLocating.swift */; };
		64468BD628F1F225000F901B /* NetworkLayerAssembly.swift in Sources */ = {isa = PBXBuildFile; fileRef = 64468BD528F1F225000F901B /* NetworkLayerAssembly.swift */; };
		64468BD828F1F38B000F901B /* StorageAssembly.swift in Sources */ = {isa = PBXBuildFile; fileRef = 64468BD728F1F38B000F901B /* StorageAssembly.swift */; };
		64468BDA28F1F5D9000F901B /* RepositoryAssembly.swift in Sources */ = {isa = PBXBuildFile; fileRef = 64468BD928F1F5D9000F901B /* RepositoryAssembly.swift */; };
		64468BDC28F1F7E7000F901B /* AppFlowCoordinator.swift in Sources */ = {isa = PBXBuildFile; fileRef = 64468BDB28F1F7E7000F901B /* AppFlowCoordinator.swift */; };
		64468BDE28F1FA2D000F901B /* AppFlowFactory.swift in Sources */ = {isa = PBXBuildFile; fileRef = 64468BDD28F1FA2C000F901B /* AppFlowFactory.swift */; };
		64468BE228F20474000F901B /* ProxyLaunchFlowCoordinator.swift in Sources */ = {isa = PBXBuildFile; fileRef = 64468BE128F20474000F901B /* ProxyLaunchFlowCoordinator.swift */; };
		64468BE528F20584000F901B /* ProxyLaunchFlowFactory.swift in Sources */ = {isa = PBXBuildFile; fileRef = 64468BE428F20584000F901B /* ProxyLaunchFlowFactory.swift */; };
		64468BE828F207EB000F901B /* ProxyLaunchCoordinatorFactory.swift in Sources */ = {isa = PBXBuildFile; fileRef = 64468BE728F207EB000F901B /* ProxyLaunchCoordinatorFactory.swift */; };
		64468BEB28F20979000F901B /* ProxyLaunchControllerView.swift in Sources */ = {isa = PBXBuildFile; fileRef = 64468BEA28F20979000F901B /* ProxyLaunchControllerView.swift */; };
		64468BED28F209A9000F901B /* ProxyLaunchController.swift in Sources */ = {isa = PBXBuildFile; fileRef = 64468BEC28F209A9000F901B /* ProxyLaunchController.swift */; };
		64468BF128F209CF000F901B /* ProxyLaunchViewModel.swift in Sources */ = {isa = PBXBuildFile; fileRef = 64468BF028F209CF000F901B /* ProxyLaunchViewModel.swift */; };
		64468BF428F20AA3000F901B /* Aliases.swift in Sources */ = {isa = PBXBuildFile; fileRef = 64468BF328F20AA3000F901B /* Aliases.swift */; };
		64468BF628F20B58000F901B /* ProxyLaunchViewModelImpl.swift in Sources */ = {isa = PBXBuildFile; fileRef = 64468BF528F20B58000F901B /* ProxyLaunchViewModelImpl.swift */; };
		64468BFB28F20FA9000F901B /* LoadFeedsUseCase.swift in Sources */ = {isa = PBXBuildFile; fileRef = 64468BFA28F20FA9000F901B /* LoadFeedsUseCase.swift */; };
		64468BFD28F20FCF000F901B /* LoadFeedsUseCaseImpl.swift in Sources */ = {isa = PBXBuildFile; fileRef = 64468BFC28F20FCF000F901B /* LoadFeedsUseCaseImpl.swift */; };
		64468BFF28F210A5000F901B /* UsecaseAssembly.swift in Sources */ = {isa = PBXBuildFile; fileRef = 64468BFE28F210A5000F901B /* UsecaseAssembly.swift */; };
		64468C0128F2121B000F901B /* ProxyLaunchControllerView.xib in Resources */ = {isa = PBXBuildFile; fileRef = 64468C0028F2121B000F901B /* ProxyLaunchControllerView.xib */; };
		64553D4B28F31F9500EA58DB /* PeopleFeedCoordinatorFactory.swift in Sources */ = {isa = PBXBuildFile; fileRef = 64553D4A28F31F9500EA58DB /* PeopleFeedCoordinatorFactory.swift */; };
		64A5994128F2BDC9007090E2 /* UIView+ActivityIndicatorView.swift in Sources */ = {isa = PBXBuildFile; fileRef = 64A5993F28F2BDC9007090E2 /* UIView+ActivityIndicatorView.swift */; };
		64A5994228F2BDC9007090E2 /* ActivityIndicatorView.swift in Sources */ = {isa = PBXBuildFile; fileRef = 64A5994028F2BDC9007090E2 /* ActivityIndicatorView.swift */; };
		64A5994628F2BDD2007090E2 /* KeyboardObserver.swift in Sources */ = {isa = PBXBuildFile; fileRef = 64A5994428F2BDD2007090E2 /* KeyboardObserver.swift */; };
		64A5994728F2BDD2007090E2 /* KeyboardScrollViewObserver.swift in Sources */ = {isa = PBXBuildFile; fileRef = 64A5994528F2BDD2007090E2 /* KeyboardScrollViewObserver.swift */; };
		64A5994C28F2BEEA007090E2 /* SearchFeedViewModel.swift in Sources */ = {isa = PBXBuildFile; fileRef = 64A5994B28F2BEEA007090E2 /* SearchFeedViewModel.swift */; };
		64A5994E28F2C2D4007090E2 /* SearchFeedController.swift in Sources */ = {isa = PBXBuildFile; fileRef = 64A5994D28F2C2D4007090E2 /* SearchFeedController.swift */; };
		64A5995028F2C2E2007090E2 /* SearchFeedControllerView.swift in Sources */ = {isa = PBXBuildFile; fileRef = 64A5994F28F2C2E2007090E2 /* SearchFeedControllerView.swift */; };
		64A5995228F2C2EA007090E2 /* SearchFeedControllerView.xib in Resources */ = {isa = PBXBuildFile; fileRef = 64A5995128F2C2EA007090E2 /* SearchFeedControllerView.xib */; };
		64A5995528F2CF54007090E2 /* String+Extended.swift in Sources */ = {isa = PBXBuildFile; fileRef = 64A5995428F2CF54007090E2 /* String+Extended.swift */; };
		64A5995828F2D4C4007090E2 /* PeopleFeedViewModel.swift in Sources */ = {isa = PBXBuildFile; fileRef = 64A5995728F2D4C4007090E2 /* PeopleFeedViewModel.swift */; };
		64A5995A28F2D672007090E2 /* GetPeopleUseCase.swift in Sources */ = {isa = PBXBuildFile; fileRef = 64A5995928F2D672007090E2 /* GetPeopleUseCase.swift */; };
		64A5995C28F2D6C3007090E2 /* GetPeopleUseCaseImpl.swift in Sources */ = {isa = PBXBuildFile; fileRef = 64A5995B28F2D6C3007090E2 /* GetPeopleUseCaseImpl.swift */; };
		64A5995F28F2E466007090E2 /* PeopleFeedController.swift in Sources */ = {isa = PBXBuildFile; fileRef = 64A5995E28F2E466007090E2 /* PeopleFeedController.swift */; };
		64A5996228F2E49E007090E2 /* PeopleFeedSceneFactory.swift in Sources */ = {isa = PBXBuildFile; fileRef = 64A5996128F2E49E007090E2 /* PeopleFeedSceneFactory.swift */; };
		64A5996628F2E796007090E2 /* SearchFeedNoResultsCell.swift in Sources */ = {isa = PBXBuildFile; fileRef = 64A5996528F2E796007090E2 /* SearchFeedNoResultsCell.swift */; };
		64A5996828F2EE65007090E2 /* PeopleFeedControllerView.swift in Sources */ = {isa = PBXBuildFile; fileRef = 64A5996728F2EE65007090E2 /* PeopleFeedControllerView.swift */; };
		64A5996A28F2EED2007090E2 /* SearchFeedNoResultsCell.xib in Resources */ = {isa = PBXBuildFile; fileRef = 64A5996928F2EED2007090E2 /* SearchFeedNoResultsCell.xib */; };
		64A5996D28F2F5D9007090E2 /* PersonCell.swift in Sources */ = {isa = PBXBuildFile; fileRef = 64A5996C28F2F5D9007090E2 /* PersonCell.swift */; };
		64A5996F28F2F843007090E2 /* PersonCell.xib in Resources */ = {isa = PBXBuildFile; fileRef = 64A5996E28F2F843007090E2 /* PersonCell.xib */; };
		64A5997228F2FCD2007090E2 /* Kingfisher in Frameworks */ = {isa = PBXBuildFile; productRef = 64A5997128F2FCD2007090E2 /* Kingfisher */; };
		64A5997428F2FCF5007090E2 /* UIImageView+SetImage.swift in Sources */ = {isa = PBXBuildFile; fileRef = 64A5997328F2FCF5007090E2 /* UIImageView+SetImage.swift */; };
		64A5997728F2FFD0007090E2 /* SpacingCell.swift in Sources */ = {isa = PBXBuildFile; fileRef = 64A5997628F2FFD0007090E2 /* SpacingCell.swift */; };
		64A5997928F3005C007090E2 /* SpacingCell.xib in Resources */ = {isa = PBXBuildFile; fileRef = 64A5997828F3005C007090E2 /* SpacingCell.xib */; };
		64A5997E28F30842007090E2 /* TabBarSceneFlowCoordinator.swift in Sources */ = {isa = PBXBuildFile; fileRef = 64A5997D28F30842007090E2 /* TabBarSceneFlowCoordinator.swift */; };
		64A5998128F3095F007090E2 /* TabBarSceneCoordinatorFactory.swift in Sources */ = {isa = PBXBuildFile; fileRef = 64A5998028F3095F007090E2 /* TabBarSceneCoordinatorFactory.swift */; };
		64A5998428F30A4D007090E2 /* ProxyLaunchNavigationActions.swift in Sources */ = {isa = PBXBuildFile; fileRef = 64A5998328F30A4D007090E2 /* ProxyLaunchNavigationActions.swift */; };
		64A5998628F30CCC007090E2 /* TabBarSceneFactory.swift in Sources */ = {isa = PBXBuildFile; fileRef = 64A5998528F30CCC007090E2 /* TabBarSceneFactory.swift */; };
		64A5998828F30DDD007090E2 /* PeopleFeedControllerView.xib in Resources */ = {isa = PBXBuildFile; fileRef = 64A5998728F30DDD007090E2 /* PeopleFeedControllerView.xib */; };
		64A5998A28F31C8F007090E2 /* PeopleFeedFlowCoordinator.swift in Sources */ = {isa = PBXBuildFile; fileRef = 64A5998928F31C8F007090E2 /* PeopleFeedFlowCoordinator.swift */; };
		64A5998D28F31E2E007090E2 /* FlowCoordinator.swift in Sources */ = {isa = PBXBuildFile; fileRef = 64A5998C28F31E2E007090E2 /* FlowCoordinator.swift */; };
/* End PBXBuildFile section */

/* Begin PBXCopyFilesBuildPhase section */
		641DFD9F28F09D1300F13AEA /* Embed Frameworks */ = {
			isa = PBXCopyFilesBuildPhase;
			buildActionMask = 2147483647;
			dstPath = "";
			dstSubfolderSpec = 10;
			files = (
				641DFDA128F09D3F00F13AEA /* OfficeeiOSCore.framework in Embed Frameworks */,
				641DFDA028F09D3A00F13AEA /* Officee.framework in Embed Frameworks */,
			);
			name = "Embed Frameworks";
			runOnlyForDeploymentPostprocessing = 0;
		};
/* End PBXCopyFilesBuildPhase section */

/* Begin PBXFileReference section */
		641DFD2F28F095C200F13AEA /* OfficeeApp.app */ = {isa = PBXFileReference; explicitFileType = wrapper.application; includeInIndex = 0; path = OfficeeApp.app; sourceTree = BUILT_PRODUCTS_DIR; };
		641DFD3228F095C200F13AEA /* AppDelegate.swift */ = {isa = PBXFileReference; lastKnownFileType = sourcecode.swift; path = AppDelegate.swift; sourceTree = "<group>"; };
		641DFD3B28F095C300F13AEA /* Assets.xcassets */ = {isa = PBXFileReference; lastKnownFileType = folder.assetcatalog; path = Assets.xcassets; sourceTree = "<group>"; };
		641DFD3E28F095C300F13AEA /* Base */ = {isa = PBXFileReference; lastKnownFileType = file.storyboard; name = Base; path = Base.lproj/LaunchScreen.storyboard; sourceTree = "<group>"; };
		641DFD9B28F09CE200F13AEA /* Officee.framework */ = {isa = PBXFileReference; explicitFileType = wrapper.framework; path = Officee.framework; sourceTree = BUILT_PRODUCTS_DIR; };
		641DFD9D28F09CE600F13AEA /* OfficeeiOSCore.framework */ = {isa = PBXFileReference; explicitFileType = wrapper.framework; path = OfficeeiOSCore.framework; sourceTree = BUILT_PRODUCTS_DIR; };
		641DFDFF28F1ACD100F13AEA /* PeopleFeedRepository.swift */ = {isa = PBXFileReference; lastKnownFileType = sourcecode.swift; path = PeopleFeedRepository.swift; sourceTree = "<group>"; };
		641DFE0428F1ADFE00F13AEA /* RoomsFeedRepository.swift */ = {isa = PBXFileReference; lastKnownFileType = sourcecode.swift; path = RoomsFeedRepository.swift; sourceTree = "<group>"; };
		641DFE0728F1AE6C00F13AEA /* PeopleFeedRequest.swift */ = {isa = PBXFileReference; lastKnownFileType = sourcecode.swift; path = PeopleFeedRequest.swift; sourceTree = "<group>"; };
		641DFE0928F1AED200F13AEA /* RoomsFeedRequest.swift */ = {isa = PBXFileReference; lastKnownFileType = sourcecode.swift; path = RoomsFeedRequest.swift; sourceTree = "<group>"; };
		641DFE1128F1B16000F13AEA /* PeopleFeedRepositoryImpl.swift */ = {isa = PBXFileReference; lastKnownFileType = sourcecode.swift; path = PeopleFeedRepositoryImpl.swift; sourceTree = "<group>"; };
		641DFE1728F1B68F00F13AEA /* NetworkService+Combine.swift */ = {isa = PBXFileReference; lastKnownFileType = sourcecode.swift; path = "NetworkService+Combine.swift"; sourceTree = "<group>"; };
		64468B9A28F1D077000F901B /* RoomsFeedRepositoryImpl.swift */ = {isa = PBXFileReference; lastKnownFileType = sourcecode.swift; path = RoomsFeedRepositoryImpl.swift; sourceTree = "<group>"; };
		64468BC528F1ED1B000F901B /* AppConstants.swift */ = {isa = PBXFileReference; lastKnownFileType = sourcecode.swift; path = AppConstants.swift; sourceTree = "<group>"; };
		64468BCC28F1EFD2000F901B /* ServiceLocating.swift */ = {isa = PBXFileReference; lastKnownFileType = sourcecode.swift; path = ServiceLocating.swift; sourceTree = "<group>"; };
		64468BCF28F1EFFA000F901B /* SwinjectServiceLocator.swift */ = {isa = PBXFileReference; lastKnownFileType = sourcecode.swift; path = SwinjectServiceLocator.swift; sourceTree = "<group>"; };
		64468BD228F1F164000F901B /* SwinjectResolver+ServiceLocating.swift */ = {isa = PBXFileReference; lastKnownFileType = sourcecode.swift; path = "SwinjectResolver+ServiceLocating.swift"; sourceTree = "<group>"; };
		64468BD528F1F225000F901B /* NetworkLayerAssembly.swift */ = {isa = PBXFileReference; lastKnownFileType = sourcecode.swift; path = NetworkLayerAssembly.swift; sourceTree = "<group>"; };
		64468BD728F1F38B000F901B /* StorageAssembly.swift */ = {isa = PBXFileReference; lastKnownFileType = sourcecode.swift; path = StorageAssembly.swift; sourceTree = "<group>"; };
		64468BD928F1F5D9000F901B /* RepositoryAssembly.swift */ = {isa = PBXFileReference; lastKnownFileType = sourcecode.swift; path = RepositoryAssembly.swift; sourceTree = "<group>"; };
		64468BDB28F1F7E7000F901B /* AppFlowCoordinator.swift */ = {isa = PBXFileReference; lastKnownFileType = sourcecode.swift; path = AppFlowCoordinator.swift; sourceTree = "<group>"; };
		64468BDD28F1FA2C000F901B /* AppFlowFactory.swift */ = {isa = PBXFileReference; lastKnownFileType = sourcecode.swift; path = AppFlowFactory.swift; sourceTree = "<group>"; };
		64468BE128F20474000F901B /* ProxyLaunchFlowCoordinator.swift */ = {isa = PBXFileReference; lastKnownFileType = sourcecode.swift; path = ProxyLaunchFlowCoordinator.swift; sourceTree = "<group>"; };
		64468BE428F20584000F901B /* ProxyLaunchFlowFactory.swift */ = {isa = PBXFileReference; lastKnownFileType = sourcecode.swift; path = ProxyLaunchFlowFactory.swift; sourceTree = "<group>"; };
		64468BE728F207EB000F901B /* ProxyLaunchCoordinatorFactory.swift */ = {isa = PBXFileReference; lastKnownFileType = sourcecode.swift; path = ProxyLaunchCoordinatorFactory.swift; sourceTree = "<group>"; };
		64468BEA28F20979000F901B /* ProxyLaunchControllerView.swift */ = {isa = PBXFileReference; lastKnownFileType = sourcecode.swift; path = ProxyLaunchControllerView.swift; sourceTree = "<group>"; };
		64468BEC28F209A9000F901B /* ProxyLaunchController.swift */ = {isa = PBXFileReference; lastKnownFileType = sourcecode.swift; path = ProxyLaunchController.swift; sourceTree = "<group>"; };
		64468BF028F209CF000F901B /* ProxyLaunchViewModel.swift */ = {isa = PBXFileReference; lastKnownFileType = sourcecode.swift; path = ProxyLaunchViewModel.swift; sourceTree = "<group>"; };
		64468BF328F20AA3000F901B /* Aliases.swift */ = {isa = PBXFileReference; lastKnownFileType = sourcecode.swift; path = Aliases.swift; sourceTree = "<group>"; };
		64468BF528F20B58000F901B /* ProxyLaunchViewModelImpl.swift */ = {isa = PBXFileReference; lastKnownFileType = sourcecode.swift; path = ProxyLaunchViewModelImpl.swift; sourceTree = "<group>"; };
		64468BFA28F20FA9000F901B /* LoadFeedsUseCase.swift */ = {isa = PBXFileReference; lastKnownFileType = sourcecode.swift; path = LoadFeedsUseCase.swift; sourceTree = "<group>"; };
		64468BFC28F20FCF000F901B /* LoadFeedsUseCaseImpl.swift */ = {isa = PBXFileReference; lastKnownFileType = sourcecode.swift; path = LoadFeedsUseCaseImpl.swift; sourceTree = "<group>"; };
		64468BFE28F210A5000F901B /* UsecaseAssembly.swift */ = {isa = PBXFileReference; lastKnownFileType = sourcecode.swift; path = UsecaseAssembly.swift; sourceTree = "<group>"; };
		64468C0028F2121B000F901B /* ProxyLaunchControllerView.xib */ = {isa = PBXFileReference; lastKnownFileType = file.xib; path = ProxyLaunchControllerView.xib; sourceTree = "<group>"; };
		64553D4A28F31F9500EA58DB /* PeopleFeedCoordinatorFactory.swift */ = {isa = PBXFileReference; lastKnownFileType = sourcecode.swift; path = PeopleFeedCoordinatorFactory.swift; sourceTree = "<group>"; };
		64A5993F28F2BDC9007090E2 /* UIView+ActivityIndicatorView.swift */ = {isa = PBXFileReference; fileEncoding = 4; lastKnownFileType = sourcecode.swift; path = "UIView+ActivityIndicatorView.swift"; sourceTree = "<group>"; };
		64A5994028F2BDC9007090E2 /* ActivityIndicatorView.swift */ = {isa = PBXFileReference; fileEncoding = 4; lastKnownFileType = sourcecode.swift; path = ActivityIndicatorView.swift; sourceTree = "<group>"; };
		64A5994428F2BDD2007090E2 /* KeyboardObserver.swift */ = {isa = PBXFileReference; fileEncoding = 4; lastKnownFileType = sourcecode.swift; path = KeyboardObserver.swift; sourceTree = "<group>"; };
		64A5994528F2BDD2007090E2 /* KeyboardScrollViewObserver.swift */ = {isa = PBXFileReference; fileEncoding = 4; lastKnownFileType = sourcecode.swift; path = KeyboardScrollViewObserver.swift; sourceTree = "<group>"; };
		64A5994B28F2BEEA007090E2 /* SearchFeedViewModel.swift */ = {isa = PBXFileReference; lastKnownFileType = sourcecode.swift; path = SearchFeedViewModel.swift; sourceTree = "<group>"; };
		64A5994D28F2C2D4007090E2 /* SearchFeedController.swift */ = {isa = PBXFileReference; lastKnownFileType = sourcecode.swift; path = SearchFeedController.swift; sourceTree = "<group>"; };
		64A5994F28F2C2E2007090E2 /* SearchFeedControllerView.swift */ = {isa = PBXFileReference; lastKnownFileType = sourcecode.swift; path = SearchFeedControllerView.swift; sourceTree = "<group>"; };
		64A5995128F2C2EA007090E2 /* SearchFeedControllerView.xib */ = {isa = PBXFileReference; lastKnownFileType = file.xib; path = SearchFeedControllerView.xib; sourceTree = "<group>"; };
		64A5995428F2CF54007090E2 /* String+Extended.swift */ = {isa = PBXFileReference; lastKnownFileType = sourcecode.swift; path = "String+Extended.swift"; sourceTree = "<group>"; };
		64A5995728F2D4C4007090E2 /* PeopleFeedViewModel.swift */ = {isa = PBXFileReference; lastKnownFileType = sourcecode.swift; path = PeopleFeedViewModel.swift; sourceTree = "<group>"; };
		64A5995928F2D672007090E2 /* GetPeopleUseCase.swift */ = {isa = PBXFileReference; lastKnownFileType = sourcecode.swift; path = GetPeopleUseCase.swift; sourceTree = "<group>"; };
		64A5995B28F2D6C3007090E2 /* GetPeopleUseCaseImpl.swift */ = {isa = PBXFileReference; lastKnownFileType = sourcecode.swift; path = GetPeopleUseCaseImpl.swift; sourceTree = "<group>"; };
		64A5995E28F2E466007090E2 /* PeopleFeedController.swift */ = {isa = PBXFileReference; lastKnownFileType = sourcecode.swift; path = PeopleFeedController.swift; sourceTree = "<group>"; };
		64A5996128F2E49E007090E2 /* PeopleFeedSceneFactory.swift */ = {isa = PBXFileReference; lastKnownFileType = sourcecode.swift; path = PeopleFeedSceneFactory.swift; sourceTree = "<group>"; };
		64A5996528F2E796007090E2 /* SearchFeedNoResultsCell.swift */ = {isa = PBXFileReference; lastKnownFileType = sourcecode.swift; path = SearchFeedNoResultsCell.swift; sourceTree = "<group>"; };
		64A5996728F2EE65007090E2 /* PeopleFeedControllerView.swift */ = {isa = PBXFileReference; lastKnownFileType = sourcecode.swift; path = PeopleFeedControllerView.swift; sourceTree = "<group>"; };
		64A5996928F2EED2007090E2 /* SearchFeedNoResultsCell.xib */ = {isa = PBXFileReference; lastKnownFileType = file.xib; path = SearchFeedNoResultsCell.xib; sourceTree = "<group>"; };
		64A5996C28F2F5D9007090E2 /* PersonCell.swift */ = {isa = PBXFileReference; lastKnownFileType = sourcecode.swift; path = PersonCell.swift; sourceTree = "<group>"; };
		64A5996E28F2F843007090E2 /* PersonCell.xib */ = {isa = PBXFileReference; lastKnownFileType = file.xib; path = PersonCell.xib; sourceTree = "<group>"; };
		64A5997328F2FCF5007090E2 /* UIImageView+SetImage.swift */ = {isa = PBXFileReference; lastKnownFileType = sourcecode.swift; path = "UIImageView+SetImage.swift"; sourceTree = "<group>"; };
		64A5997628F2FFD0007090E2 /* SpacingCell.swift */ = {isa = PBXFileReference; lastKnownFileType = sourcecode.swift; path = SpacingCell.swift; sourceTree = "<group>"; };
		64A5997828F3005C007090E2 /* SpacingCell.xib */ = {isa = PBXFileReference; lastKnownFileType = file.xib; path = SpacingCell.xib; sourceTree = "<group>"; };
		64A5997D28F30842007090E2 /* TabBarSceneFlowCoordinator.swift */ = {isa = PBXFileReference; lastKnownFileType = sourcecode.swift; path = TabBarSceneFlowCoordinator.swift; sourceTree = "<group>"; };
		64A5998028F3095F007090E2 /* TabBarSceneCoordinatorFactory.swift */ = {isa = PBXFileReference; lastKnownFileType = sourcecode.swift; path = TabBarSceneCoordinatorFactory.swift; sourceTree = "<group>"; };
		64A5998328F30A4D007090E2 /* ProxyLaunchNavigationActions.swift */ = {isa = PBXFileReference; lastKnownFileType = sourcecode.swift; path = ProxyLaunchNavigationActions.swift; sourceTree = "<group>"; };
		64A5998528F30CCC007090E2 /* TabBarSceneFactory.swift */ = {isa = PBXFileReference; lastKnownFileType = sourcecode.swift; path = TabBarSceneFactory.swift; sourceTree = "<group>"; };
		64A5998728F30DDD007090E2 /* PeopleFeedControllerView.xib */ = {isa = PBXFileReference; lastKnownFileType = file.xib; path = PeopleFeedControllerView.xib; sourceTree = "<group>"; };
		64A5998928F31C8F007090E2 /* PeopleFeedFlowCoordinator.swift */ = {isa = PBXFileReference; lastKnownFileType = sourcecode.swift; path = PeopleFeedFlowCoordinator.swift; sourceTree = "<group>"; };
		64A5998C28F31E2E007090E2 /* FlowCoordinator.swift */ = {isa = PBXFileReference; lastKnownFileType = sourcecode.swift; path = FlowCoordinator.swift; sourceTree = "<group>"; };
/* End PBXFileReference section */

/* Begin PBXFrameworksBuildPhase section */
		641DFD2C28F095C200F13AEA /* Frameworks */ = {
			isa = PBXFrameworksBuildPhase;
			buildActionMask = 2147483647;
			files = (
				64A5997228F2FCD2007090E2 /* Kingfisher in Frameworks */,
				641DFD9E28F09CE600F13AEA /* OfficeeiOSCore.framework in Frameworks */,
				641DFD9C28F09CE200F13AEA /* Officee.framework in Frameworks */,
				64468BC928F1EEF1000F901B /* Swinject in Frameworks */,
			);
			runOnlyForDeploymentPostprocessing = 0;
		};
/* End PBXFrameworksBuildPhase section */

/* Begin PBXGroup section */
		641DFD2628F095C200F13AEA = {
			isa = PBXGroup;
			children = (
				641DFD3128F095C200F13AEA /* OfficeeApp */,
				641DFD3028F095C200F13AEA /* Products */,
				641DFD9A28F09CE200F13AEA /* Frameworks */,
			);
			sourceTree = "<group>";
		};
		641DFD3028F095C200F13AEA /* Products */ = {
			isa = PBXGroup;
			children = (
				641DFD2F28F095C200F13AEA /* OfficeeApp.app */,
			);
			name = Products;
			sourceTree = "<group>";
		};
		641DFD3128F095C200F13AEA /* OfficeeApp */ = {
			isa = PBXGroup;
			children = (
				64468BC428F1ED03000F901B /* Application */,
				641DFE1528F1B66600F13AEA /* Infrastructure */,
				641DFE1028F1B15100F13AEA /* Data */,
				641DFE0B28F1AFC700F13AEA /* Domain */,
				64468BCA28F1EFAB000F901B /* Service Locator */,
				64468BDF28F20290000F901B /* Presentation */,
				64468BF228F20A99000F901B /* Helpers */,
				64468C0228F21619000F901B /* Resources */,
				64A5993D28F2BD81007090E2 /* Utils */,
			);
			path = OfficeeApp;
			sourceTree = "<group>";
		};
		641DFD9A28F09CE200F13AEA /* Frameworks */ = {
			isa = PBXGroup;
			children = (
				641DFD9D28F09CE600F13AEA /* OfficeeiOSCore.framework */,
				641DFD9B28F09CE200F13AEA /* Officee.framework */,
			);
			name = Frameworks;
			sourceTree = "<group>";
		};
		641DFE0B28F1AFC700F13AEA /* Domain */ = {
			isa = PBXGroup;
			children = (
				64468BF728F20E8E000F901B /* Entities */,
				64468BF828F20EA7000F901B /* Interfaces */,
				64468BF928F20EE4000F901B /* UseCases */,
			);
			path = Domain;
			sourceTree = "<group>";
		};
		641DFE1028F1B15100F13AEA /* Data */ = {
			isa = PBXGroup;
			children = (
				641DFE1328F1B17200F13AEA /* Repositories */,
			);
			path = Data;
			sourceTree = "<group>";
		};
		641DFE1328F1B17200F13AEA /* Repositories */ = {
			isa = PBXGroup;
			children = (
				641DFE1128F1B16000F13AEA /* PeopleFeedRepositoryImpl.swift */,
				64468B9A28F1D077000F901B /* RoomsFeedRepositoryImpl.swift */,
			);
			path = Repositories;
			sourceTree = "<group>";
		};
		641DFE1528F1B66600F13AEA /* Infrastructure */ = {
			isa = PBXGroup;
			children = (
				641DFE1628F1B66F00F13AEA /* Network */,
			);
			path = Infrastructure;
			sourceTree = "<group>";
		};
		641DFE1628F1B66F00F13AEA /* Network */ = {
			isa = PBXGroup;
			children = (
				641DFE1728F1B68F00F13AEA /* NetworkService+Combine.swift */,
			);
			path = Network;
			sourceTree = "<group>";
		};
		64468BC428F1ED03000F901B /* Application */ = {
			isa = PBXGroup;
			children = (
				641DFD3228F095C200F13AEA /* AppDelegate.swift */,
				64468BC528F1ED1B000F901B /* AppConstants.swift */,
				64468BDD28F1FA2C000F901B /* AppFlowFactory.swift */,
				64468BDB28F1F7E7000F901B /* AppFlowCoordinator.swift */,
			);
			path = Application;
			sourceTree = "<group>";
		};
		64468BCA28F1EFAB000F901B /* Service Locator */ = {
			isa = PBXGroup;
			children = (
				64468BD428F1F204000F901B /* Assembly */,
				64468BCE28F1EFF4000F901B /* Driver */,
				64468BCC28F1EFD2000F901B /* ServiceLocating.swift */,
			);
			path = "Service Locator";
			sourceTree = "<group>";
		};
		64468BCE28F1EFF4000F901B /* Driver */ = {
			isa = PBXGroup;
			children = (
				64468BCF28F1EFFA000F901B /* SwinjectServiceLocator.swift */,
				64468BD228F1F164000F901B /* SwinjectResolver+ServiceLocating.swift */,
			);
			path = Driver;
			sourceTree = "<group>";
		};
		64468BD428F1F204000F901B /* Assembly */ = {
			isa = PBXGroup;
			children = (
				64468BD528F1F225000F901B /* NetworkLayerAssembly.swift */,
				64468BD728F1F38B000F901B /* StorageAssembly.swift */,
				64468BD928F1F5D9000F901B /* RepositoryAssembly.swift */,
				64468BFE28F210A5000F901B /* UsecaseAssembly.swift */,
			);
			path = Assembly;
			sourceTree = "<group>";
		};
		64468BDF28F20290000F901B /* Presentation */ = {
			isa = PBXGroup;
			children = (
				641DFD3D28F095C300F13AEA /* LaunchScreen.storyboard */,
				64A5998B28F31E21007090E2 /* Feed */,
				64A5993C28F2BD3F007090E2 /* Search Feed */,
				64A5997B28F3081F007090E2 /* Tab Bar Scene */,
				64A5993928F2BC0B007090E2 /* People Feed Scene */,
				64468BE028F2036C000F901B /* Proxy Launch Scene */,
			);
			path = Presentation;
			sourceTree = "<group>";
		};
		64468BE028F2036C000F901B /* Proxy Launch Scene */ = {
			isa = PBXGroup;
			children = (
				64468BE628F2058C000F901B /* Factory */,
				64468BE328F20535000F901B /* Flows */,
				64468BE928F20952000F901B /* Proxy Launch */,
			);
			path = "Proxy Launch Scene";
			sourceTree = "<group>";
		};
		64468BE328F20535000F901B /* Flows */ = {
			isa = PBXGroup;
			children = (
				64468BE128F20474000F901B /* ProxyLaunchFlowCoordinator.swift */,
			);
			path = Flows;
			sourceTree = "<group>";
		};
		64468BE628F2058C000F901B /* Factory */ = {
			isa = PBXGroup;
			children = (
				64468BE428F20584000F901B /* ProxyLaunchFlowFactory.swift */,
				64468BE728F207EB000F901B /* ProxyLaunchCoordinatorFactory.swift */,
			);
			path = Factory;
			sourceTree = "<group>";
		};
		64468BE928F20952000F901B /* Proxy Launch */ = {
			isa = PBXGroup;
			children = (
				64A5998228F30A37007090E2 /* Navigation */,
				64468BEF28F209BB000F901B /* View Model */,
				64468BEE28F209B1000F901B /* View */,
			);
			path = "Proxy Launch";
			sourceTree = "<group>";
		};
		64468BEE28F209B1000F901B /* View */ = {
			isa = PBXGroup;
			children = (
				64468C0028F2121B000F901B /* ProxyLaunchControllerView.xib */,
				64468BEA28F20979000F901B /* ProxyLaunchControllerView.swift */,
				64468BEC28F209A9000F901B /* ProxyLaunchController.swift */,
			);
			path = View;
			sourceTree = "<group>";
		};
		64468BEF28F209BB000F901B /* View Model */ = {
			isa = PBXGroup;
			children = (
				64468BF028F209CF000F901B /* ProxyLaunchViewModel.swift */,
				64468BF528F20B58000F901B /* ProxyLaunchViewModelImpl.swift */,
			);
			path = "View Model";
			sourceTree = "<group>";
		};
		64468BF228F20A99000F901B /* Helpers */ = {
			isa = PBXGroup;
			children = (
				64468BF328F20AA3000F901B /* Aliases.swift */,
			);
			path = Helpers;
			sourceTree = "<group>";
		};
		64468BF728F20E8E000F901B /* Entities */ = {
			isa = PBXGroup;
			children = (
				641DFE0728F1AE6C00F13AEA /* PeopleFeedRequest.swift */,
				641DFE0928F1AED200F13AEA /* RoomsFeedRequest.swift */,
			);
			path = Entities;
			sourceTree = "<group>";
		};
		64468BF828F20EA7000F901B /* Interfaces */ = {
			isa = PBXGroup;
			children = (
				641DFDFF28F1ACD100F13AEA /* PeopleFeedRepository.swift */,
				641DFE0428F1ADFE00F13AEA /* RoomsFeedRepository.swift */,
			);
			path = Interfaces;
			sourceTree = "<group>";
		};
		64468BF928F20EE4000F901B /* UseCases */ = {
			isa = PBXGroup;
			children = (
				64468BFA28F20FA9000F901B /* LoadFeedsUseCase.swift */,
				64468BFC28F20FCF000F901B /* LoadFeedsUseCaseImpl.swift */,
				64A5995928F2D672007090E2 /* GetPeopleUseCase.swift */,
				64A5995B28F2D6C3007090E2 /* GetPeopleUseCaseImpl.swift */,
			);
			path = UseCases;
			sourceTree = "<group>";
		};
		64468C0228F21619000F901B /* Resources */ = {
			isa = PBXGroup;
			children = (
				641DFD3B28F095C300F13AEA /* Assets.xcassets */,
			);
			path = Resources;
			sourceTree = "<group>";
		};
		64A5993928F2BC0B007090E2 /* People Feed Scene */ = {
			isa = PBXGroup;
			children = (
				64A5996028F2E47E007090E2 /* Factory */,
				64A5996328F2E6FF007090E2 /* Flows */,
				64A5993A28F2BCA0007090E2 /* People Feed */,
			);
			path = "People Feed Scene";
			sourceTree = "<group>";
		};
		64A5993A28F2BCA0007090E2 /* People Feed */ = {
			isa = PBXGroup;
			children = (
				64A5995628F2D4AC007090E2 /* View Model */,
				64A5995D28F2E44D007090E2 /* View */,
			);
			path = "People Feed";
			sourceTree = "<group>";
		};
		64A5993C28F2BD3F007090E2 /* Search Feed */ = {
			isa = PBXGroup;
			children = (
				64A5994928F2BE61007090E2 /* View Model */,
				64A5994828F2BE58007090E2 /* View */,
			);
			path = "Search Feed";
			sourceTree = "<group>";
		};
		64A5993D28F2BD81007090E2 /* Utils */ = {
			isa = PBXGroup;
			children = (
				64A5993E28F2BDC9007090E2 /* ActivityIndicatorView */,
				64A5994328F2BDD2007090E2 /* KeyboardObservers */,
				64A5995328F2CF40007090E2 /* Extensions */,
			);
			path = Utils;
			sourceTree = "<group>";
		};
		64A5993E28F2BDC9007090E2 /* ActivityIndicatorView */ = {
			isa = PBXGroup;
			children = (
				64A5993F28F2BDC9007090E2 /* UIView+ActivityIndicatorView.swift */,
				64A5994028F2BDC9007090E2 /* ActivityIndicatorView.swift */,
			);
			path = ActivityIndicatorView;
			sourceTree = "<group>";
		};
		64A5994328F2BDD2007090E2 /* KeyboardObservers */ = {
			isa = PBXGroup;
			children = (
				64A5994428F2BDD2007090E2 /* KeyboardObserver.swift */,
				64A5994528F2BDD2007090E2 /* KeyboardScrollViewObserver.swift */,
			);
			path = KeyboardObservers;
			sourceTree = "<group>";
		};
		64A5994828F2BE58007090E2 /* View */ = {
			isa = PBXGroup;
			children = (
				64A5995128F2C2EA007090E2 /* SearchFeedControllerView.xib */,
				64A5994F28F2C2E2007090E2 /* SearchFeedControllerView.swift */,
				64A5994D28F2C2D4007090E2 /* SearchFeedController.swift */,
				64A5996428F2E770007090E2 /* Cells */,
			);
			path = View;
			sourceTree = "<group>";
		};
		64A5994928F2BE61007090E2 /* View Model */ = {
			isa = PBXGroup;
			children = (
				64A5994B28F2BEEA007090E2 /* SearchFeedViewModel.swift */,
			);
			path = "View Model";
			sourceTree = "<group>";
		};
		64A5995328F2CF40007090E2 /* Extensions */ = {
			isa = PBXGroup;
			children = (
				64A5995428F2CF54007090E2 /* String+Extended.swift */,
				64A5997328F2FCF5007090E2 /* UIImageView+SetImage.swift */,
			);
			path = Extensions;
			sourceTree = "<group>";
		};
		64A5995628F2D4AC007090E2 /* View Model */ = {
			isa = PBXGroup;
			children = (
				64A5995728F2D4C4007090E2 /* PeopleFeedViewModel.swift */,
			);
			path = "View Model";
			sourceTree = "<group>";
		};
		64A5995D28F2E44D007090E2 /* View */ = {
			isa = PBXGroup;
			children = (
				64A5998728F30DDD007090E2 /* PeopleFeedControllerView.xib */,
				64A5996728F2EE65007090E2 /* PeopleFeedControllerView.swift */,
				64A5995E28F2E466007090E2 /* PeopleFeedController.swift */,
				64A5996B28F2F5CB007090E2 /* Cells */,
			);
			path = View;
			sourceTree = "<group>";
		};
		64A5996028F2E47E007090E2 /* Factory */ = {
			isa = PBXGroup;
			children = (
				64A5996128F2E49E007090E2 /* PeopleFeedSceneFactory.swift */,
				64553D4A28F31F9500EA58DB /* PeopleFeedCoordinatorFactory.swift */,
			);
			path = Factory;
			sourceTree = "<group>";
		};
		64A5996328F2E6FF007090E2 /* Flows */ = {
			isa = PBXGroup;
			children = (
				64A5998928F31C8F007090E2 /* PeopleFeedFlowCoordinator.swift */,
			);
			path = Flows;
			sourceTree = "<group>";
		};
		64A5996428F2E770007090E2 /* Cells */ = {
			isa = PBXGroup;
			children = (
				64A5996928F2EED2007090E2 /* SearchFeedNoResultsCell.xib */,
				64A5996528F2E796007090E2 /* SearchFeedNoResultsCell.swift */,
			);
			path = Cells;
			sourceTree = "<group>";
		};
		64A5996B28F2F5CB007090E2 /* Cells */ = {
			isa = PBXGroup;
			children = (
				64A5996E28F2F843007090E2 /* PersonCell.xib */,
				64A5996C28F2F5D9007090E2 /* PersonCell.swift */,
			);
			path = Cells;
			sourceTree = "<group>";
		};
		64A5997528F2FFC4007090E2 /* Commmon Cells */ = {
			isa = PBXGroup;
			children = (
				64A5997828F3005C007090E2 /* SpacingCell.xib */,
				64A5997628F2FFD0007090E2 /* SpacingCell.swift */,
			);
			path = "Commmon Cells";
			sourceTree = "<group>";
		};
		64A5997B28F3081F007090E2 /* Tab Bar Scene */ = {
			isa = PBXGroup;
			children = (
				64A5997F28F3092F007090E2 /* Factory */,
				64A5997C28F30830007090E2 /* Flow */,
			);
			path = "Tab Bar Scene";
			sourceTree = "<group>";
		};
		64A5997C28F30830007090E2 /* Flow */ = {
			isa = PBXGroup;
			children = (
				64A5997D28F30842007090E2 /* TabBarSceneFlowCoordinator.swift */,
			);
			path = Flow;
			sourceTree = "<group>";
		};
		64A5997F28F3092F007090E2 /* Factory */ = {
			isa = PBXGroup;
			children = (
				64A5998028F3095F007090E2 /* TabBarSceneCoordinatorFactory.swift */,
				64A5998528F30CCC007090E2 /* TabBarSceneFactory.swift */,
			);
			path = Factory;
			sourceTree = "<group>";
		};
		64A5998228F30A37007090E2 /* Navigation */ = {
			isa = PBXGroup;
			children = (
				64A5998328F30A4D007090E2 /* ProxyLaunchNavigationActions.swift */,
			);
			path = Navigation;
			sourceTree = "<group>";
		};
		64A5998B28F31E21007090E2 /* Feed */ = {
			isa = PBXGroup;
			children = (
				64A5998E28F31EE7007090E2 /* Flow */,
				64A5997528F2FFC4007090E2 /* Commmon Cells */,
			);
			path = Feed;
			sourceTree = "<group>";
		};
		64A5998E28F31EE7007090E2 /* Flow */ = {
			isa = PBXGroup;
			children = (
				64A5998C28F31E2E007090E2 /* FlowCoordinator.swift */,
			);
			path = Flow;
			sourceTree = "<group>";
		};
/* End PBXGroup section */

/* Begin PBXNativeTarget section */
		641DFD2E28F095C200F13AEA /* OfficeeApp */ = {
			isa = PBXNativeTarget;
			buildConfigurationList = 641DFD4328F095C300F13AEA /* Build configuration list for PBXNativeTarget "OfficeeApp" */;
			buildPhases = (
				641DFD2B28F095C200F13AEA /* Sources */,
				641DFD2C28F095C200F13AEA /* Frameworks */,
				641DFD2D28F095C200F13AEA /* Resources */,
				641DFD9F28F09D1300F13AEA /* Embed Frameworks */,
				641DFDA328F0A55D00F13AEA /* Swift Lint */,
			);
			buildRules = (
			);
			dependencies = (
			);
			name = OfficeeApp;
			packageProductDependencies = (
				64468BC828F1EEF1000F901B /* Swinject */,
				64A5997128F2FCD2007090E2 /* Kingfisher */,
			);
			productName = OfficeeApp;
			productReference = 641DFD2F28F095C200F13AEA /* OfficeeApp.app */;
			productType = "com.apple.product-type.application";
		};
/* End PBXNativeTarget section */

/* Begin PBXProject section */
		641DFD2728F095C200F13AEA /* Project object */ = {
			isa = PBXProject;
			attributes = {
				BuildIndependentTargetsInParallel = 1;
				LastSwiftUpdateCheck = 1340;
				LastUpgradeCheck = 1340;
				TargetAttributes = {
					641DFD2E28F095C200F13AEA = {
						CreatedOnToolsVersion = 13.4.1;
					};
				};
			};
			buildConfigurationList = 641DFD2A28F095C200F13AEA /* Build configuration list for PBXProject "OfficeeApp" */;
			compatibilityVersion = "Xcode 13.0";
			developmentRegion = en;
			hasScannedForEncodings = 0;
			knownRegions = (
				en,
				Base,
			);
			mainGroup = 641DFD2628F095C200F13AEA;
			packageReferences = (
				64468BC728F1EEF1000F901B /* XCRemoteSwiftPackageReference "Swinject" */,
				64A5997028F2FCD2007090E2 /* XCRemoteSwiftPackageReference "Kingfisher" */,
			);
			productRefGroup = 641DFD3028F095C200F13AEA /* Products */;
			projectDirPath = "";
			projectRoot = "";
			targets = (
				641DFD2E28F095C200F13AEA /* OfficeeApp */,
			);
		};
/* End PBXProject section */

/* Begin PBXResourcesBuildPhase section */
		641DFD2D28F095C200F13AEA /* Resources */ = {
			isa = PBXResourcesBuildPhase;
			buildActionMask = 2147483647;
			files = (
				641DFD3F28F095C300F13AEA /* LaunchScreen.storyboard in Resources */,
				641DFD3C28F095C300F13AEA /* Assets.xcassets in Resources */,
				64A5997928F3005C007090E2 /* SpacingCell.xib in Resources */,
				64A5996F28F2F843007090E2 /* PersonCell.xib in Resources */,
				64A5995228F2C2EA007090E2 /* SearchFeedControllerView.xib in Resources */,
				64A5998828F30DDD007090E2 /* PeopleFeedControllerView.xib in Resources */,
				64468C0128F2121B000F901B /* ProxyLaunchControllerView.xib in Resources */,
				64A5996A28F2EED2007090E2 /* SearchFeedNoResultsCell.xib in Resources */,
			);
			runOnlyForDeploymentPostprocessing = 0;
		};
/* End PBXResourcesBuildPhase section */

/* Begin PBXShellScriptBuildPhase section */
		641DFDA328F0A55D00F13AEA /* Swift Lint */ = {
			isa = PBXShellScriptBuildPhase;
			buildActionMask = 2147483647;
			files = (
			);
			inputFileListPaths = (
			);
			inputPaths = (
			);
			name = "Swift Lint";
			outputFileListPaths = (
			);
			outputPaths = (
			);
			runOnlyForDeploymentPostprocessing = 0;
			shellPath = /bin/sh;
			shellScript = "export PATH=\"$PATH:/opt/homebrew/bin\"\nif which swiftlint >/dev/null; then\n  swiftlint\nelse\n  echo \"warning: SwiftLint not installed, download from https://github.com/realm/SwiftLint\"\nfi\n";
		};
/* End PBXShellScriptBuildPhase section */

/* Begin PBXSourcesBuildPhase section */
		641DFD2B28F095C200F13AEA /* Sources */ = {
			isa = PBXSourcesBuildPhase;
			buildActionMask = 2147483647;
			files = (
				64468BFB28F20FA9000F901B /* LoadFeedsUseCase.swift in Sources */,
				641DFE0828F1AE6C00F13AEA /* PeopleFeedRequest.swift in Sources */,
				641DFE0528F1ADFE00F13AEA /* RoomsFeedRepository.swift in Sources */,
				64A5995828F2D4C4007090E2 /* PeopleFeedViewModel.swift in Sources */,
				64A5998128F3095F007090E2 /* TabBarSceneCoordinatorFactory.swift in Sources */,
				64468BED28F209A9000F901B /* ProxyLaunchController.swift in Sources */,
				64468B9B28F1D077000F901B /* RoomsFeedRepositoryImpl.swift in Sources */,
				64468BE828F207EB000F901B /* ProxyLaunchCoordinatorFactory.swift in Sources */,
				64A5994628F2BDD2007090E2 /* KeyboardObserver.swift in Sources */,
				64468BF428F20AA3000F901B /* Aliases.swift in Sources */,
				64468BFD28F20FCF000F901B /* LoadFeedsUseCaseImpl.swift in Sources */,
				64A5995F28F2E466007090E2 /* PeopleFeedController.swift in Sources */,
				64468BDA28F1F5D9000F901B /* RepositoryAssembly.swift in Sources */,
				64468BE528F20584000F901B /* ProxyLaunchFlowFactory.swift in Sources */,
				64468BCD28F1EFD2000F901B /* ServiceLocating.swift in Sources */,
				64A5998628F30CCC007090E2 /* TabBarSceneFactory.swift in Sources */,
				64553D4B28F31F9500EA58DB /* PeopleFeedCoordinatorFactory.swift in Sources */,
				64468BD328F1F164000F901B /* SwinjectResolver+ServiceLocating.swift in Sources */,
				64A5994C28F2BEEA007090E2 /* SearchFeedViewModel.swift in Sources */,
				641DFE2428F1BC7500F13AEA /* NetworkService+Combine.swift in Sources */,
				64468BD628F1F225000F901B /* NetworkLayerAssembly.swift in Sources */,
				64A5996D28F2F5D9007090E2 /* PersonCell.swift in Sources */,
				641DFE0028F1ACD100F13AEA /* PeopleFeedRepository.swift in Sources */,
				64468BE228F20474000F901B /* ProxyLaunchFlowCoordinator.swift in Sources */,
				64468BDC28F1F7E7000F901B /* AppFlowCoordinator.swift in Sources */,
				64A5995528F2CF54007090E2 /* String+Extended.swift in Sources */,
				64A5994128F2BDC9007090E2 /* UIView+ActivityIndicatorView.swift in Sources */,
				64A5997428F2FCF5007090E2 /* UIImageView+SetImage.swift in Sources */,
				64468BF628F20B58000F901B /* ProxyLaunchViewModelImpl.swift in Sources */,
				64A5998D28F31E2E007090E2 /* FlowCoordinator.swift in Sources */,
				64A5994E28F2C2D4007090E2 /* SearchFeedController.swift in Sources */,
				64A5998428F30A4D007090E2 /* ProxyLaunchNavigationActions.swift in Sources */,
				64A5995C28F2D6C3007090E2 /* GetPeopleUseCaseImpl.swift in Sources */,
				64468BD028F1EFFA000F901B /* SwinjectServiceLocator.swift in Sources */,
				641DFE0A28F1AED200F13AEA /* RoomsFeedRequest.swift in Sources */,
				64A5994228F2BDC9007090E2 /* ActivityIndicatorView.swift in Sources */,
				64A5997728F2FFD0007090E2 /* SpacingCell.swift in Sources */,
				64A5996628F2E796007090E2 /* SearchFeedNoResultsCell.swift in Sources */,
				64468BEB28F20979000F901B /* ProxyLaunchControllerView.swift in Sources */,
				64468BFF28F210A5000F901B /* UsecaseAssembly.swift in Sources */,
				641DFD3328F095C200F13AEA /* AppDelegate.swift in Sources */,
				641DFE2328F1BC7000F13AEA /* PeopleFeedRepositoryImpl.swift in Sources */,
				64468BC628F1ED1B000F901B /* AppConstants.swift in Sources */,
				64A5996828F2EE65007090E2 /* PeopleFeedControllerView.swift in Sources */,
				64A5994728F2BDD2007090E2 /* KeyboardScrollViewObserver.swift in Sources */,
				64468BDE28F1FA2D000F901B /* AppFlowFactory.swift in Sources */,
				64A5997E28F30842007090E2 /* TabBarSceneFlowCoordinator.swift in Sources */,
				64468BF128F209CF000F901B /* ProxyLaunchViewModel.swift in Sources */,
				64A5998A28F31C8F007090E2 /* PeopleFeedFlowCoordinator.swift in Sources */,
				64A5995A28F2D672007090E2 /* GetPeopleUseCase.swift in Sources */,
				64A5995028F2C2E2007090E2 /* SearchFeedControllerView.swift in Sources */,
				64A5996228F2E49E007090E2 /* PeopleFeedSceneFactory.swift in Sources */,
				64468BD828F1F38B000F901B /* StorageAssembly.swift in Sources */,
			);
			runOnlyForDeploymentPostprocessing = 0;
		};
/* End PBXSourcesBuildPhase section */

/* Begin PBXVariantGroup section */
		641DFD3D28F095C300F13AEA /* LaunchScreen.storyboard */ = {
			isa = PBXVariantGroup;
			children = (
				641DFD3E28F095C300F13AEA /* Base */,
			);
			name = LaunchScreen.storyboard;
			sourceTree = "<group>";
		};
/* End PBXVariantGroup section */

/* Begin XCBuildConfiguration section */
		641DFD4128F095C300F13AEA /* Debug */ = {
			isa = XCBuildConfiguration;
			buildSettings = {
				ALWAYS_SEARCH_USER_PATHS = NO;
				CLANG_ANALYZER_NONNULL = YES;
				CLANG_ANALYZER_NUMBER_OBJECT_CONVERSION = YES_AGGRESSIVE;
				CLANG_CXX_LANGUAGE_STANDARD = "gnu++17";
				CLANG_ENABLE_MODULES = YES;
				CLANG_ENABLE_OBJC_ARC = YES;
				CLANG_ENABLE_OBJC_WEAK = YES;
				CLANG_WARN_BLOCK_CAPTURE_AUTORELEASING = YES;
				CLANG_WARN_BOOL_CONVERSION = YES;
				CLANG_WARN_COMMA = YES;
				CLANG_WARN_CONSTANT_CONVERSION = YES;
				CLANG_WARN_DEPRECATED_OBJC_IMPLEMENTATIONS = YES;
				CLANG_WARN_DIRECT_OBJC_ISA_USAGE = YES_ERROR;
				CLANG_WARN_DOCUMENTATION_COMMENTS = YES;
				CLANG_WARN_EMPTY_BODY = YES;
				CLANG_WARN_ENUM_CONVERSION = YES;
				CLANG_WARN_INFINITE_RECURSION = YES;
				CLANG_WARN_INT_CONVERSION = YES;
				CLANG_WARN_NON_LITERAL_NULL_CONVERSION = YES;
				CLANG_WARN_OBJC_IMPLICIT_RETAIN_SELF = YES;
				CLANG_WARN_OBJC_LITERAL_CONVERSION = YES;
				CLANG_WARN_OBJC_ROOT_CLASS = YES_ERROR;
				CLANG_WARN_QUOTED_INCLUDE_IN_FRAMEWORK_HEADER = YES;
				CLANG_WARN_RANGE_LOOP_ANALYSIS = YES;
				CLANG_WARN_STRICT_PROTOTYPES = YES;
				CLANG_WARN_SUSPICIOUS_MOVE = YES;
				CLANG_WARN_UNGUARDED_AVAILABILITY = YES_AGGRESSIVE;
				CLANG_WARN_UNREACHABLE_CODE = YES;
				CLANG_WARN__DUPLICATE_METHOD_MATCH = YES;
				COPY_PHASE_STRIP = NO;
				DEBUG_INFORMATION_FORMAT = dwarf;
				ENABLE_STRICT_OBJC_MSGSEND = YES;
				ENABLE_TESTABILITY = YES;
				GCC_C_LANGUAGE_STANDARD = gnu11;
				GCC_DYNAMIC_NO_PIC = NO;
				GCC_NO_COMMON_BLOCKS = YES;
				GCC_OPTIMIZATION_LEVEL = 0;
				GCC_PREPROCESSOR_DEFINITIONS = (
					"DEBUG=1",
					"$(inherited)",
				);
				GCC_WARN_64_TO_32_BIT_CONVERSION = YES;
				GCC_WARN_ABOUT_RETURN_TYPE = YES_ERROR;
				GCC_WARN_UNDECLARED_SELECTOR = YES;
				GCC_WARN_UNINITIALIZED_AUTOS = YES_AGGRESSIVE;
				GCC_WARN_UNUSED_FUNCTION = YES;
				GCC_WARN_UNUSED_VARIABLE = YES;
				IPHONEOS_DEPLOYMENT_TARGET = 15.5;
				MTL_ENABLE_DEBUG_INFO = INCLUDE_SOURCE;
				MTL_FAST_MATH = YES;
				ONLY_ACTIVE_ARCH = YES;
				SDKROOT = iphoneos;
				SWIFT_ACTIVE_COMPILATION_CONDITIONS = DEBUG;
				SWIFT_OPTIMIZATION_LEVEL = "-Onone";
			};
			name = Debug;
		};
		641DFD4228F095C300F13AEA /* Release */ = {
			isa = XCBuildConfiguration;
			buildSettings = {
				ALWAYS_SEARCH_USER_PATHS = NO;
				CLANG_ANALYZER_NONNULL = YES;
				CLANG_ANALYZER_NUMBER_OBJECT_CONVERSION = YES_AGGRESSIVE;
				CLANG_CXX_LANGUAGE_STANDARD = "gnu++17";
				CLANG_ENABLE_MODULES = YES;
				CLANG_ENABLE_OBJC_ARC = YES;
				CLANG_ENABLE_OBJC_WEAK = YES;
				CLANG_WARN_BLOCK_CAPTURE_AUTORELEASING = YES;
				CLANG_WARN_BOOL_CONVERSION = YES;
				CLANG_WARN_COMMA = YES;
				CLANG_WARN_CONSTANT_CONVERSION = YES;
				CLANG_WARN_DEPRECATED_OBJC_IMPLEMENTATIONS = YES;
				CLANG_WARN_DIRECT_OBJC_ISA_USAGE = YES_ERROR;
				CLANG_WARN_DOCUMENTATION_COMMENTS = YES;
				CLANG_WARN_EMPTY_BODY = YES;
				CLANG_WARN_ENUM_CONVERSION = YES;
				CLANG_WARN_INFINITE_RECURSION = YES;
				CLANG_WARN_INT_CONVERSION = YES;
				CLANG_WARN_NON_LITERAL_NULL_CONVERSION = YES;
				CLANG_WARN_OBJC_IMPLICIT_RETAIN_SELF = YES;
				CLANG_WARN_OBJC_LITERAL_CONVERSION = YES;
				CLANG_WARN_OBJC_ROOT_CLASS = YES_ERROR;
				CLANG_WARN_QUOTED_INCLUDE_IN_FRAMEWORK_HEADER = YES;
				CLANG_WARN_RANGE_LOOP_ANALYSIS = YES;
				CLANG_WARN_STRICT_PROTOTYPES = YES;
				CLANG_WARN_SUSPICIOUS_MOVE = YES;
				CLANG_WARN_UNGUARDED_AVAILABILITY = YES_AGGRESSIVE;
				CLANG_WARN_UNREACHABLE_CODE = YES;
				CLANG_WARN__DUPLICATE_METHOD_MATCH = YES;
				COPY_PHASE_STRIP = NO;
				DEBUG_INFORMATION_FORMAT = "dwarf-with-dsym";
				ENABLE_NS_ASSERTIONS = NO;
				ENABLE_STRICT_OBJC_MSGSEND = YES;
				GCC_C_LANGUAGE_STANDARD = gnu11;
				GCC_NO_COMMON_BLOCKS = YES;
				GCC_WARN_64_TO_32_BIT_CONVERSION = YES;
				GCC_WARN_ABOUT_RETURN_TYPE = YES_ERROR;
				GCC_WARN_UNDECLARED_SELECTOR = YES;
				GCC_WARN_UNINITIALIZED_AUTOS = YES_AGGRESSIVE;
				GCC_WARN_UNUSED_FUNCTION = YES;
				GCC_WARN_UNUSED_VARIABLE = YES;
				IPHONEOS_DEPLOYMENT_TARGET = 15.5;
				MTL_ENABLE_DEBUG_INFO = NO;
				MTL_FAST_MATH = YES;
				SDKROOT = iphoneos;
				SWIFT_COMPILATION_MODE = wholemodule;
				SWIFT_OPTIMIZATION_LEVEL = "-O";
				VALIDATE_PRODUCT = YES;
			};
			name = Release;
		};
		641DFD4428F095C300F13AEA /* Debug */ = {
			isa = XCBuildConfiguration;
			buildSettings = {
				ASSETCATALOG_COMPILER_APPICON_NAME = AppIcon;
				ASSETCATALOG_COMPILER_GLOBAL_ACCENT_COLOR_NAME = AccentColor;
				CODE_SIGN_STYLE = Automatic;
				CURRENT_PROJECT_VERSION = 1;
				GENERATE_INFOPLIST_FILE = YES;
				INFOPLIST_FILE = OfficeeApp/Resources/Info.plist;
				INFOPLIST_KEY_UIApplicationSupportsIndirectInputEvents = YES;
				INFOPLIST_KEY_UILaunchStoryboardName = LaunchScreen;
				INFOPLIST_KEY_UISupportedInterfaceOrientations = UIInterfaceOrientationPortrait;
				INFOPLIST_KEY_UISupportedInterfaceOrientations_iPad = "UIInterfaceOrientationPortrait UIInterfaceOrientationPortraitUpsideDown UIInterfaceOrientationLandscapeLeft UIInterfaceOrientationLandscapeRight";
				INFOPLIST_KEY_UISupportedInterfaceOrientations_iPhone = "UIInterfaceOrientationPortrait UIInterfaceOrientationLandscapeLeft UIInterfaceOrientationLandscapeRight";
				IPHONEOS_DEPLOYMENT_TARGET = 14.0;
				LD_RUNPATH_SEARCH_PATHS = (
					"$(inherited)",
					"@executable_path/Frameworks",
				);
				MARKETING_VERSION = 1.0;
				PRODUCT_BUNDLE_IDENTIFIER = valeriy.litovchenko.OfficeeApp;
				PRODUCT_NAME = "$(TARGET_NAME)";
				SWIFT_EMIT_LOC_STRINGS = YES;
				SWIFT_VERSION = 5.0;
				TARGETED_DEVICE_FAMILY = "1,2";
			};
			name = Debug;
		};
		641DFD4528F095C300F13AEA /* Release */ = {
			isa = XCBuildConfiguration;
			buildSettings = {
				ASSETCATALOG_COMPILER_APPICON_NAME = AppIcon;
				ASSETCATALOG_COMPILER_GLOBAL_ACCENT_COLOR_NAME = AccentColor;
				CODE_SIGN_STYLE = Automatic;
				CURRENT_PROJECT_VERSION = 1;
				GENERATE_INFOPLIST_FILE = YES;
				INFOPLIST_FILE = OfficeeApp/Resources/Info.plist;
				INFOPLIST_KEY_UIApplicationSupportsIndirectInputEvents = YES;
				INFOPLIST_KEY_UILaunchStoryboardName = LaunchScreen;
				INFOPLIST_KEY_UISupportedInterfaceOrientations = UIInterfaceOrientationPortrait;
				INFOPLIST_KEY_UISupportedInterfaceOrientations_iPad = "UIInterfaceOrientationPortrait UIInterfaceOrientationPortraitUpsideDown UIInterfaceOrientationLandscapeLeft UIInterfaceOrientationLandscapeRight";
				INFOPLIST_KEY_UISupportedInterfaceOrientations_iPhone = "UIInterfaceOrientationPortrait UIInterfaceOrientationLandscapeLeft UIInterfaceOrientationLandscapeRight";
				IPHONEOS_DEPLOYMENT_TARGET = 14.0;
				LD_RUNPATH_SEARCH_PATHS = (
					"$(inherited)",
					"@executable_path/Frameworks",
				);
				MARKETING_VERSION = 1.0;
				PRODUCT_BUNDLE_IDENTIFIER = valeriy.litovchenko.OfficeeApp;
				PRODUCT_NAME = "$(TARGET_NAME)";
				SWIFT_EMIT_LOC_STRINGS = YES;
				SWIFT_VERSION = 5.0;
				TARGETED_DEVICE_FAMILY = "1,2";
			};
			name = Release;
		};
/* End XCBuildConfiguration section */

/* Begin XCConfigurationList section */
		641DFD2A28F095C200F13AEA /* Build configuration list for PBXProject "OfficeeApp" */ = {
			isa = XCConfigurationList;
			buildConfigurations = (
				641DFD4128F095C300F13AEA /* Debug */,
				641DFD4228F095C300F13AEA /* Release */,
			);
			defaultConfigurationIsVisible = 0;
			defaultConfigurationName = Release;
		};
		641DFD4328F095C300F13AEA /* Build configuration list for PBXNativeTarget "OfficeeApp" */ = {
			isa = XCConfigurationList;
			buildConfigurations = (
				641DFD4428F095C300F13AEA /* Debug */,
				641DFD4528F095C300F13AEA /* Release */,
			);
			defaultConfigurationIsVisible = 0;
			defaultConfigurationName = Release;
		};
/* End XCConfigurationList section */

/* Begin XCRemoteSwiftPackageReference section */
		64468BC728F1EEF1000F901B /* XCRemoteSwiftPackageReference "Swinject" */ = {
			isa = XCRemoteSwiftPackageReference;
			repositoryURL = "https://github.com/Swinject/Swinject.git";
			requirement = {
				kind = upToNextMajorVersion;
				minimumVersion = 2.0.0;
			};
		};
		64A5997028F2FCD2007090E2 /* XCRemoteSwiftPackageReference "Kingfisher" */ = {
			isa = XCRemoteSwiftPackageReference;
			repositoryURL = "https://github.com/onevcat/Kingfisher.git";
			requirement = {
				branch = master;
				kind = branch;
			};
		};
/* End XCRemoteSwiftPackageReference section */

/* Begin XCSwiftPackageProductDependency section */
		64468BC828F1EEF1000F901B /* Swinject */ = {
			isa = XCSwiftPackageProductDependency;
			package = 64468BC728F1EEF1000F901B /* XCRemoteSwiftPackageReference "Swinject" */;
			productName = Swinject;
		};
		64A5997128F2FCD2007090E2 /* Kingfisher */ = {
			isa = XCSwiftPackageProductDependency;
			package = 64A5997028F2FCD2007090E2 /* XCRemoteSwiftPackageReference "Kingfisher" */;
			productName = Kingfisher;
		};
/* End XCSwiftPackageProductDependency section */
	};
	rootObject = 641DFD2728F095C200F13AEA /* Project object */;
}
