// !$*UTF8*$!
{
	archiveVersion = 1;
	classes = {
	};
	objectVersion = 55;
	objects = {

/* Begin PBXBuildFile section */
		64123A4828F6E04C0061264E /* HTTPURLResponseDataMapper.swift in Sources */ = {isa = PBXBuildFile; fileRef = 64123A4728F6E04C0061264E /* HTTPURLResponseDataMapper.swift */; };
		641DFDAC28F0B0B000F13AEA /* HTTPClient.swift in Sources */ = {isa = PBXBuildFile; fileRef = 641DFDAB28F0B0B000F13AEA /* HTTPClient.swift */; };
		641DFDB228F0B2EA00F13AEA /* URLSessionHTTPClient.swift in Sources */ = {isa = PBXBuildFile; fileRef = 641DFDB128F0B2EA00F13AEA /* URLSessionHTTPClient.swift */; };
		641DFDB528F0B34F00F13AEA /* Aliases.swift in Sources */ = {isa = PBXBuildFile; fileRef = 641DFDB428F0B34F00F13AEA /* Aliases.swift */; };
		641DFDB728F0B42000F13AEA /* HTTPURLResponse+StatusCode.swift in Sources */ = {isa = PBXBuildFile; fileRef = 641DFDB628F0B42000F13AEA /* HTTPURLResponse+StatusCode.swift */; };
		641DFDB928F0B51C00F13AEA /* HTTPURLResponseValidator.swift in Sources */ = {isa = PBXBuildFile; fileRef = 641DFDB828F0B51C00F13AEA /* HTTPURLResponseValidator.swift */; };
		641DFDBE28F15F5700F13AEA /* Cancellable.swift in Sources */ = {isa = PBXBuildFile; fileRef = 641DFDBD28F15F5700F13AEA /* Cancellable.swift */; };
		641DFDC228F163AF00F13AEA /* ApiEndpoint.swift in Sources */ = {isa = PBXBuildFile; fileRef = 641DFDC128F163AF00F13AEA /* ApiEndpoint.swift */; };
		641DFDC728F1650A00F13AEA /* PeopleFeedApiEndpoint.swift in Sources */ = {isa = PBXBuildFile; fileRef = 641DFDC628F1650A00F13AEA /* PeopleFeedApiEndpoint.swift */; };
		641DFDCA28F1691200F13AEA /* PeopleFeedResultMapper.swift in Sources */ = {isa = PBXBuildFile; fileRef = 641DFDC928F1691200F13AEA /* PeopleFeedResultMapper.swift */; };
		641DFDD328F17A5C00F13AEA /* RoomsFeedApiEndpoint.swift in Sources */ = {isa = PBXBuildFile; fileRef = 641DFDD228F17A5C00F13AEA /* RoomsFeedApiEndpoint.swift */; };
		641DFDD528F17AD900F13AEA /* RoomsFeedResultMapper.swift in Sources */ = {isa = PBXBuildFile; fileRef = 641DFDD428F17AD900F13AEA /* RoomsFeedResultMapper.swift */; };
		641DFDD828F17DB800F13AEA /* CoreDataStorage.swift in Sources */ = {isa = PBXBuildFile; fileRef = 641DFDD728F17DB800F13AEA /* CoreDataStorage.swift */; };
		641DFDDE28F182EC00F13AEA /* OfficeeStore.xcdatamodeld in Sources */ = {isa = PBXBuildFile; fileRef = 641DFDDC28F182EC00F13AEA /* OfficeeStore.xcdatamodeld */; };
		641DFDE128F1848900F13AEA /* ManagedRoom+CoreDataClass.swift in Sources */ = {isa = PBXBuildFile; fileRef = 641DFDE028F1848900F13AEA /* ManagedRoom+CoreDataClass.swift */; };
		641DFDE228F1848900F13AEA /* ManagedPerson+CoreDataClass.swift in Sources */ = {isa = PBXBuildFile; fileRef = 641DFDDF28F1848900F13AEA /* ManagedPerson+CoreDataClass.swift */; };
		641DFDE428F1865700F13AEA /* LocalPerson.swift in Sources */ = {isa = PBXBuildFile; fileRef = 641DFDE328F1865700F13AEA /* LocalPerson.swift */; };
		641DFDE628F1868E00F13AEA /* LocalRoom.swift in Sources */ = {isa = PBXBuildFile; fileRef = 641DFDE528F1868E00F13AEA /* LocalRoom.swift */; };
		641DFDE828F187D600F13AEA /* ManagedPerson+Operations.swift in Sources */ = {isa = PBXBuildFile; fileRef = 641DFDE728F187D600F13AEA /* ManagedPerson+Operations.swift */; };
		641DFDEA28F18B8D00F13AEA /* ManagedRoom+Operations.swift in Sources */ = {isa = PBXBuildFile; fileRef = 641DFDE928F18B8D00F13AEA /* ManagedRoom+Operations.swift */; };
		641DFDF028F18D1E00F13AEA /* PeopleFeedStorage.swift in Sources */ = {isa = PBXBuildFile; fileRef = 641DFDEF28F18D1E00F13AEA /* PeopleFeedStorage.swift */; };
		641DFDF328F18E8000F13AEA /* CoreDataPeopleFeedStorage.swift in Sources */ = {isa = PBXBuildFile; fileRef = 641DFDF228F18E8000F13AEA /* CoreDataPeopleFeedStorage.swift */; };
		641DFDF528F1913D00F13AEA /* RoomsFeedStorage.swift in Sources */ = {isa = PBXBuildFile; fileRef = 641DFDF428F1913C00F13AEA /* RoomsFeedStorage.swift */; };
		641DFDF728F1922D00F13AEA /* CoreDataRoomsFeedStorage.swift in Sources */ = {isa = PBXBuildFile; fileRef = 641DFDF628F1922D00F13AEA /* CoreDataRoomsFeedStorage.swift */; };
		641DFE1F28F1BB3800F13AEA /* Person.swift in Sources */ = {isa = PBXBuildFile; fileRef = 641DFE1E28F1BB3800F13AEA /* Person.swift */; };
		641DFE2228F1BB6B00F13AEA /* Room.swift in Sources */ = {isa = PBXBuildFile; fileRef = 641DFE2128F1BB6B00F13AEA /* Room.swift */; };
		64400F282901783B0079243A /* KeyPath+NSObject.swift in Sources */ = {isa = PBXBuildFile; fileRef = 64400F272901783B0079243A /* KeyPath+NSObject.swift */; };
		64468BB428F1D6CB000F901B /* BaseViewController.swift in Sources */ = {isa = PBXBuildFile; fileRef = 64468B9F28F1D6CB000F901B /* BaseViewController.swift */; };
		64468BB528F1D6CB000F901B /* BaseView.swift in Sources */ = {isa = PBXBuildFile; fileRef = 64468BA028F1D6CB000F901B /* BaseView.swift */; };
		64468BB628F1D6CB000F901B /* UITableViewCell+Identifier.swift in Sources */ = {isa = PBXBuildFile; fileRef = 64468BA228F1D6CB000F901B /* UITableViewCell+Identifier.swift */; };
		64468BB728F1D6CB000F901B /* UIViewExtensions.swift in Sources */ = {isa = PBXBuildFile; fileRef = 64468BA328F1D6CB000F901B /* UIViewExtensions.swift */; };
		64468BB828F1D6CB000F901B /* UITableViewCell+SelectionColor.swift in Sources */ = {isa = PBXBuildFile; fileRef = 64468BA428F1D6CB000F901B /* UITableViewCell+SelectionColor.swift */; };
		64468BB928F1D6CB000F901B /* UITableViewCell+NibInstantiable.swift in Sources */ = {isa = PBXBuildFile; fileRef = 64468BA528F1D6CB000F901B /* UITableViewCell+NibInstantiable.swift */; };
		64468BBA28F1D6CB000F901B /* Aliases.swift in Sources */ = {isa = PBXBuildFile; fileRef = 64468BA728F1D6CB000F901B /* Aliases.swift */; };
		64468BBB28F1D6CB000F901B /* NibInstantiable.swift in Sources */ = {isa = PBXBuildFile; fileRef = 64468BA828F1D6CB000F901B /* NibInstantiable.swift */; };
		64468BBC28F1D6CB000F901B /* ApplicableActionModel.swift in Sources */ = {isa = PBXBuildFile; fileRef = 64468BA928F1D6CB000F901B /* ApplicableActionModel.swift */; };
		64468BBE28F1D6CB000F901B /* TableSceneModels.swift in Sources */ = {isa = PBXBuildFile; fileRef = 64468BAD28F1D6CB000F901B /* TableSceneModels.swift */; };
		64468BBF28F1D6CB000F901B /* BaseTableViewReusableViews.swift in Sources */ = {isa = PBXBuildFile; fileRef = 64468BAE28F1D6CB000F901B /* BaseTableViewReusableViews.swift */; };
		64468BC028F1D6CB000F901B /* TableSectionModel.swift in Sources */ = {isa = PBXBuildFile; fileRef = 64468BAF28F1D6CB000F901B /* TableSectionModel.swift */; };
		64468BC128F1D6CB000F901B /* CommonTableViewModelState.swift in Sources */ = {isa = PBXBuildFile; fileRef = 64468BB028F1D6CB000F901B /* CommonTableViewModelState.swift */; };
		64468BC228F1D6CB000F901B /* BaseTableViewControllerView.swift in Sources */ = {isa = PBXBuildFile; fileRef = 64468BB228F1D6CB000F901B /* BaseTableViewControllerView.swift */; };
		64468BC328F1D6CB000F901B /* BaseTableViewController.swift in Sources */ = {isa = PBXBuildFile; fileRef = 64468BB328F1D6CB000F901B /* BaseTableViewController.swift */; };
		6449001428F3636400B52F05 /* PlatformInterfaseSuffix.swift in Sources */ = {isa = PBXBuildFile; fileRef = 6449001328F3636400B52F05 /* PlatformInterfaseSuffix.swift */; };
		644D1D432905A84E0006AFBF /* URLRequestFactory.swift in Sources */ = {isa = PBXBuildFile; fileRef = 644D1D422905A84E0006AFBF /* URLRequestFactory.swift */; };
		644D1D452905A8890006AFBF /* URLRequestFactoryImpl.swift in Sources */ = {isa = PBXBuildFile; fileRef = 644D1D442905A8890006AFBF /* URLRequestFactoryImpl.swift */; };
		644D1D492905BF2E0006AFBF /* URLRequestFactory+API.swift in Sources */ = {isa = PBXBuildFile; fileRef = 644D1D482905BF2E0006AFBF /* URLRequestFactory+API.swift */; };
		644C4E0D2904249D004AA277 /* Officee.framework in Frameworks */ = {isa = PBXBuildFile; fileRef = 641DFD9328F099A500F13AEA /* Officee.framework */; };
		644C4E162904251B004AA277 /* HTTPURLResponseDataMapperTests.swift in Sources */ = {isa = PBXBuildFile; fileRef = 644C4E152904251B004AA277 /* HTTPURLResponseDataMapperTests.swift */; };
		644C4E19290425C6004AA277 /* SharedTestsHelpers.swift in Sources */ = {isa = PBXBuildFile; fileRef = 644C4E18290425C6004AA277 /* SharedTestsHelpers.swift */; };
		644C4E1D29042BDB004AA277 /* URLSessionHTTPClientTests.swift in Sources */ = {isa = PBXBuildFile; fileRef = 644C4E1C29042BDB004AA277 /* URLSessionHTTPClientTests.swift */; };
		644C4E2029042F69004AA277 /* URLProtocolStub.swift in Sources */ = {isa = PBXBuildFile; fileRef = 644C4E1F29042F69004AA277 /* URLProtocolStub.swift */; };
		644C4E22290431A9004AA277 /* URLRequest+HTTPMethod.swift in Sources */ = {isa = PBXBuildFile; fileRef = 644C4E21290431A9004AA277 /* URLRequest+HTTPMethod.swift */; };
		649906082901A69000C12BAC /* CommonViewModelState.swift in Sources */ = {isa = PBXBuildFile; fileRef = 649906072901A69000C12BAC /* CommonViewModelState.swift */; };
/* End PBXBuildFile section */

/* Begin PBXContainerItemProxy section */
		644C4E0E2904249D004AA277 /* PBXContainerItemProxy */ = {
			isa = PBXContainerItemProxy;
			containerPortal = 641DFD4728F096C100F13AEA /* Project object */;
			proxyType = 1;
			remoteGlobalIDString = 641DFD9228F099A500F13AEA;
			remoteInfo = Officee;
		};
/* End PBXContainerItemProxy section */

/* Begin PBXFileReference section */
		64123A4728F6E04C0061264E /* HTTPURLResponseDataMapper.swift */ = {isa = PBXFileReference; lastKnownFileType = sourcecode.swift; path = HTTPURLResponseDataMapper.swift; sourceTree = "<group>"; };
		641DFD5F28F0982100F13AEA /* OfficeeiOSCore.framework */ = {isa = PBXFileReference; explicitFileType = wrapper.framework; includeInIndex = 0; path = OfficeeiOSCore.framework; sourceTree = BUILT_PRODUCTS_DIR; };
		641DFD9328F099A500F13AEA /* Officee.framework */ = {isa = PBXFileReference; explicitFileType = wrapper.framework; includeInIndex = 0; path = Officee.framework; sourceTree = BUILT_PRODUCTS_DIR; };
		641DFDAB28F0B0B000F13AEA /* HTTPClient.swift */ = {isa = PBXFileReference; lastKnownFileType = sourcecode.swift; path = HTTPClient.swift; sourceTree = "<group>"; };
		641DFDB128F0B2EA00F13AEA /* URLSessionHTTPClient.swift */ = {isa = PBXFileReference; lastKnownFileType = sourcecode.swift; path = URLSessionHTTPClient.swift; sourceTree = "<group>"; };
		641DFDB428F0B34F00F13AEA /* Aliases.swift */ = {isa = PBXFileReference; lastKnownFileType = sourcecode.swift; path = Aliases.swift; sourceTree = "<group>"; };
		641DFDB628F0B42000F13AEA /* HTTPURLResponse+StatusCode.swift */ = {isa = PBXFileReference; lastKnownFileType = sourcecode.swift; path = "HTTPURLResponse+StatusCode.swift"; sourceTree = "<group>"; };
		641DFDB828F0B51C00F13AEA /* HTTPURLResponseValidator.swift */ = {isa = PBXFileReference; lastKnownFileType = sourcecode.swift; path = HTTPURLResponseValidator.swift; sourceTree = "<group>"; };
		641DFDBD28F15F5700F13AEA /* Cancellable.swift */ = {isa = PBXFileReference; lastKnownFileType = sourcecode.swift; path = Cancellable.swift; sourceTree = "<group>"; };
		641DFDC128F163AF00F13AEA /* ApiEndpoint.swift */ = {isa = PBXFileReference; lastKnownFileType = sourcecode.swift; path = ApiEndpoint.swift; sourceTree = "<group>"; };
		641DFDC628F1650A00F13AEA /* PeopleFeedApiEndpoint.swift */ = {isa = PBXFileReference; lastKnownFileType = sourcecode.swift; path = PeopleFeedApiEndpoint.swift; sourceTree = "<group>"; };
		641DFDC928F1691200F13AEA /* PeopleFeedResultMapper.swift */ = {isa = PBXFileReference; lastKnownFileType = sourcecode.swift; path = PeopleFeedResultMapper.swift; sourceTree = "<group>"; };
		641DFDD228F17A5C00F13AEA /* RoomsFeedApiEndpoint.swift */ = {isa = PBXFileReference; lastKnownFileType = sourcecode.swift; path = RoomsFeedApiEndpoint.swift; sourceTree = "<group>"; };
		641DFDD428F17AD900F13AEA /* RoomsFeedResultMapper.swift */ = {isa = PBXFileReference; lastKnownFileType = sourcecode.swift; path = RoomsFeedResultMapper.swift; sourceTree = "<group>"; };
		641DFDD728F17DB800F13AEA /* CoreDataStorage.swift */ = {isa = PBXFileReference; lastKnownFileType = sourcecode.swift; path = CoreDataStorage.swift; sourceTree = "<group>"; };
		641DFDDD28F182EC00F13AEA /* OfficeeStore.xcdatamodel */ = {isa = PBXFileReference; lastKnownFileType = wrapper.xcdatamodel; path = OfficeeStore.xcdatamodel; sourceTree = "<group>"; };
		641DFDDF28F1848900F13AEA /* ManagedPerson+CoreDataClass.swift */ = {isa = PBXFileReference; lastKnownFileType = sourcecode.swift; path = "ManagedPerson+CoreDataClass.swift"; sourceTree = "<group>"; };
		641DFDE028F1848900F13AEA /* ManagedRoom+CoreDataClass.swift */ = {isa = PBXFileReference; lastKnownFileType = sourcecode.swift; path = "ManagedRoom+CoreDataClass.swift"; sourceTree = "<group>"; };
		641DFDE328F1865700F13AEA /* LocalPerson.swift */ = {isa = PBXFileReference; lastKnownFileType = sourcecode.swift; path = LocalPerson.swift; sourceTree = "<group>"; };
		641DFDE528F1868E00F13AEA /* LocalRoom.swift */ = {isa = PBXFileReference; lastKnownFileType = sourcecode.swift; path = LocalRoom.swift; sourceTree = "<group>"; };
		641DFDE728F187D600F13AEA /* ManagedPerson+Operations.swift */ = {isa = PBXFileReference; lastKnownFileType = sourcecode.swift; path = "ManagedPerson+Operations.swift"; sourceTree = "<group>"; };
		641DFDE928F18B8D00F13AEA /* ManagedRoom+Operations.swift */ = {isa = PBXFileReference; lastKnownFileType = sourcecode.swift; path = "ManagedRoom+Operations.swift"; sourceTree = "<group>"; };
		641DFDEF28F18D1E00F13AEA /* PeopleFeedStorage.swift */ = {isa = PBXFileReference; lastKnownFileType = sourcecode.swift; path = PeopleFeedStorage.swift; sourceTree = "<group>"; };
		641DFDF228F18E8000F13AEA /* CoreDataPeopleFeedStorage.swift */ = {isa = PBXFileReference; lastKnownFileType = sourcecode.swift; path = CoreDataPeopleFeedStorage.swift; sourceTree = "<group>"; };
		641DFDF428F1913C00F13AEA /* RoomsFeedStorage.swift */ = {isa = PBXFileReference; lastKnownFileType = sourcecode.swift; path = RoomsFeedStorage.swift; sourceTree = "<group>"; };
		641DFDF628F1922D00F13AEA /* CoreDataRoomsFeedStorage.swift */ = {isa = PBXFileReference; lastKnownFileType = sourcecode.swift; path = CoreDataRoomsFeedStorage.swift; sourceTree = "<group>"; };
		641DFE1E28F1BB3800F13AEA /* Person.swift */ = {isa = PBXFileReference; fileEncoding = 4; lastKnownFileType = sourcecode.swift; path = Person.swift; sourceTree = "<group>"; };
		641DFE2128F1BB6B00F13AEA /* Room.swift */ = {isa = PBXFileReference; fileEncoding = 4; lastKnownFileType = sourcecode.swift; path = Room.swift; sourceTree = "<group>"; };
		64400F272901783B0079243A /* KeyPath+NSObject.swift */ = {isa = PBXFileReference; lastKnownFileType = sourcecode.swift; path = "KeyPath+NSObject.swift"; sourceTree = "<group>"; };
		64468B9F28F1D6CB000F901B /* BaseViewController.swift */ = {isa = PBXFileReference; fileEncoding = 4; lastKnownFileType = sourcecode.swift; path = BaseViewController.swift; sourceTree = "<group>"; };
		64468BA028F1D6CB000F901B /* BaseView.swift */ = {isa = PBXFileReference; fileEncoding = 4; lastKnownFileType = sourcecode.swift; path = BaseView.swift; sourceTree = "<group>"; };
		64468BA228F1D6CB000F901B /* UITableViewCell+Identifier.swift */ = {isa = PBXFileReference; fileEncoding = 4; lastKnownFileType = sourcecode.swift; path = "UITableViewCell+Identifier.swift"; sourceTree = "<group>"; };
		64468BA328F1D6CB000F901B /* UIViewExtensions.swift */ = {isa = PBXFileReference; fileEncoding = 4; lastKnownFileType = sourcecode.swift; path = UIViewExtensions.swift; sourceTree = "<group>"; };
		64468BA428F1D6CB000F901B /* UITableViewCell+SelectionColor.swift */ = {isa = PBXFileReference; fileEncoding = 4; lastKnownFileType = sourcecode.swift; path = "UITableViewCell+SelectionColor.swift"; sourceTree = "<group>"; };
		64468BA528F1D6CB000F901B /* UITableViewCell+NibInstantiable.swift */ = {isa = PBXFileReference; fileEncoding = 4; lastKnownFileType = sourcecode.swift; path = "UITableViewCell+NibInstantiable.swift"; sourceTree = "<group>"; };
		64468BA728F1D6CB000F901B /* Aliases.swift */ = {isa = PBXFileReference; fileEncoding = 4; lastKnownFileType = sourcecode.swift; path = Aliases.swift; sourceTree = "<group>"; };
		64468BA828F1D6CB000F901B /* NibInstantiable.swift */ = {isa = PBXFileReference; fileEncoding = 4; lastKnownFileType = sourcecode.swift; path = NibInstantiable.swift; sourceTree = "<group>"; };
		64468BA928F1D6CB000F901B /* ApplicableActionModel.swift */ = {isa = PBXFileReference; fileEncoding = 4; lastKnownFileType = sourcecode.swift; path = ApplicableActionModel.swift; sourceTree = "<group>"; };
		64468BAD28F1D6CB000F901B /* TableSceneModels.swift */ = {isa = PBXFileReference; fileEncoding = 4; lastKnownFileType = sourcecode.swift; path = TableSceneModels.swift; sourceTree = "<group>"; };
		64468BAE28F1D6CB000F901B /* BaseTableViewReusableViews.swift */ = {isa = PBXFileReference; fileEncoding = 4; lastKnownFileType = sourcecode.swift; path = BaseTableViewReusableViews.swift; sourceTree = "<group>"; };
		64468BAF28F1D6CB000F901B /* TableSectionModel.swift */ = {isa = PBXFileReference; fileEncoding = 4; lastKnownFileType = sourcecode.swift; path = TableSectionModel.swift; sourceTree = "<group>"; };
		64468BB028F1D6CB000F901B /* CommonTableViewModelState.swift */ = {isa = PBXFileReference; fileEncoding = 4; lastKnownFileType = sourcecode.swift; path = CommonTableViewModelState.swift; sourceTree = "<group>"; };
		64468BB228F1D6CB000F901B /* BaseTableViewControllerView.swift */ = {isa = PBXFileReference; fileEncoding = 4; lastKnownFileType = sourcecode.swift; path = BaseTableViewControllerView.swift; sourceTree = "<group>"; };
		64468BB328F1D6CB000F901B /* BaseTableViewController.swift */ = {isa = PBXFileReference; fileEncoding = 4; lastKnownFileType = sourcecode.swift; path = BaseTableViewController.swift; sourceTree = "<group>"; };
		6449001328F3636400B52F05 /* PlatformInterfaseSuffix.swift */ = {isa = PBXFileReference; lastKnownFileType = sourcecode.swift; path = PlatformInterfaseSuffix.swift; sourceTree = "<group>"; };
		644D1D422905A84E0006AFBF /* URLRequestFactory.swift */ = {isa = PBXFileReference; lastKnownFileType = sourcecode.swift; path = URLRequestFactory.swift; sourceTree = "<group>"; };
		644D1D442905A8890006AFBF /* URLRequestFactoryImpl.swift */ = {isa = PBXFileReference; lastKnownFileType = sourcecode.swift; path = URLRequestFactoryImpl.swift; sourceTree = "<group>"; };
		644D1D482905BF2E0006AFBF /* URLRequestFactory+API.swift */ = {isa = PBXFileReference; lastKnownFileType = sourcecode.swift; path = "URLRequestFactory+API.swift"; sourceTree = "<group>"; };
		644C4E092904249D004AA277 /* OfficeeTests.xctest */ = {isa = PBXFileReference; explicitFileType = wrapper.cfbundle; includeInIndex = 0; path = OfficeeTests.xctest; sourceTree = BUILT_PRODUCTS_DIR; };
		644C4E152904251B004AA277 /* HTTPURLResponseDataMapperTests.swift */ = {isa = PBXFileReference; lastKnownFileType = sourcecode.swift; path = HTTPURLResponseDataMapperTests.swift; sourceTree = "<group>"; };
		644C4E18290425C6004AA277 /* SharedTestsHelpers.swift */ = {isa = PBXFileReference; lastKnownFileType = sourcecode.swift; path = SharedTestsHelpers.swift; sourceTree = "<group>"; };
		644C4E1C29042BDB004AA277 /* URLSessionHTTPClientTests.swift */ = {isa = PBXFileReference; lastKnownFileType = sourcecode.swift; path = URLSessionHTTPClientTests.swift; sourceTree = "<group>"; };
		644C4E1F29042F69004AA277 /* URLProtocolStub.swift */ = {isa = PBXFileReference; lastKnownFileType = sourcecode.swift; path = URLProtocolStub.swift; sourceTree = "<group>"; };
		644C4E21290431A9004AA277 /* URLRequest+HTTPMethod.swift */ = {isa = PBXFileReference; lastKnownFileType = sourcecode.swift; path = "URLRequest+HTTPMethod.swift"; sourceTree = "<group>"; };
		649906072901A69000C12BAC /* CommonViewModelState.swift */ = {isa = PBXFileReference; lastKnownFileType = sourcecode.swift; path = CommonViewModelState.swift; sourceTree = "<group>"; };
/* End PBXFileReference section */

/* Begin PBXFrameworksBuildPhase section */
		641DFD5C28F0982100F13AEA /* Frameworks */ = {
			isa = PBXFrameworksBuildPhase;
			buildActionMask = 2147483647;
			files = (
			);
			runOnlyForDeploymentPostprocessing = 0;
		};
		641DFD9028F099A500F13AEA /* Frameworks */ = {
			isa = PBXFrameworksBuildPhase;
			buildActionMask = 2147483647;
			files = (
			);
			runOnlyForDeploymentPostprocessing = 0;
		};
		644C4E062904249D004AA277 /* Frameworks */ = {
			isa = PBXFrameworksBuildPhase;
			buildActionMask = 2147483647;
			files = (
				644C4E0D2904249D004AA277 /* Officee.framework in Frameworks */,
			);
			runOnlyForDeploymentPostprocessing = 0;
		};
/* End PBXFrameworksBuildPhase section */

/* Begin PBXGroup section */
		641DFD4628F096C100F13AEA = {
			isa = PBXGroup;
			children = (
				641DFD9428F099A500F13AEA /* Officee */,
				641DFD6028F0982100F13AEA /* OfficeeiOSCore */,
				644C4E0A2904249D004AA277 /* OfficeeTests */,
				641DFD5128F096C100F13AEA /* Products */,
			);
			sourceTree = "<group>";
		};
		641DFD5128F096C100F13AEA /* Products */ = {
			isa = PBXGroup;
			children = (
				641DFD5F28F0982100F13AEA /* OfficeeiOSCore.framework */,
				641DFD9328F099A500F13AEA /* Officee.framework */,
				644C4E092904249D004AA277 /* OfficeeTests.xctest */,
			);
			name = Products;
			sourceTree = "<group>";
		};
		641DFD6028F0982100F13AEA /* OfficeeiOSCore */ = {
			isa = PBXGroup;
			children = (
				64468B9D28F1D6CB000F901B /* Base Scene Classes */,
				64468BAB28F1D6CB000F901B /* Base TableView Scene Classes */,
				64468BA128F1D6CB000F901B /* Extensions */,
				64468BA628F1D6CB000F901B /* Helpers */,
			);
			path = OfficeeiOSCore;
			sourceTree = "<group>";
		};
		641DFD9428F099A500F13AEA /* Officee */ = {
			isa = PBXGroup;
			children = (
				641DFDA928F0B08800F13AEA /* Infrastructure */,
				641DFDC328F1646600F13AEA /* People Feed */,
				641DFDCD28F1780200F13AEA /* Rooms Feed */,
				641DFDB328F0B34300F13AEA /* Helpers */,
			);
			path = Officee;
			sourceTree = "<group>";
		};
		641DFDA928F0B08800F13AEA /* Infrastructure */ = {
			isa = PBXGroup;
			children = (
				641DFDAD28F0B1EB00F13AEA /* API */,
				641DFDD628F17D9700F13AEA /* CoreData */,
			);
			path = Infrastructure;
			sourceTree = "<group>";
		};
		641DFDAD28F0B1EB00F13AEA /* API */ = {
			isa = PBXGroup;
			children = (
				641DFDC128F163AF00F13AEA /* ApiEndpoint.swift */,
				641DFDAB28F0B0B000F13AEA /* HTTPClient.swift */,
				641DFDB128F0B2EA00F13AEA /* URLSessionHTTPClient.swift */,
				64123A4728F6E04C0061264E /* HTTPURLResponseDataMapper.swift */,
				644D1D422905A84E0006AFBF /* URLRequestFactory.swift */,
				644D1D482905BF2E0006AFBF /* URLRequestFactory+API.swift */,
				644D1D442905A8890006AFBF /* URLRequestFactoryImpl.swift */,
				641DFDAE28F0B2B700F13AEA /* Helpers */,
			);
			path = API;
			sourceTree = "<group>";
		};
		641DFDAE28F0B2B700F13AEA /* Helpers */ = {
			isa = PBXGroup;
			children = (
				641DFDB628F0B42000F13AEA /* HTTPURLResponse+StatusCode.swift */,
				641DFDB828F0B51C00F13AEA /* HTTPURLResponseValidator.swift */,
				644C4E21290431A9004AA277 /* URLRequest+HTTPMethod.swift */,
			);
			path = Helpers;
			sourceTree = "<group>";
		};
		641DFDB328F0B34300F13AEA /* Helpers */ = {
			isa = PBXGroup;
			children = (
				641DFDB428F0B34F00F13AEA /* Aliases.swift */,
				641DFDBD28F15F5700F13AEA /* Cancellable.swift */,
				64400F272901783B0079243A /* KeyPath+NSObject.swift */,
			);
			path = Helpers;
			sourceTree = "<group>";
		};
		641DFDC328F1646600F13AEA /* People Feed */ = {
			isa = PBXGroup;
			children = (
				641DFE1928F1BADE00F13AEA /* Domain */,
				641DFDC428F164D500F13AEA /* Infrastructure */,
				641DFDE328F1865700F13AEA /* LocalPerson.swift */,
				641DFDEF28F18D1E00F13AEA /* PeopleFeedStorage.swift */,
			);
			path = "People Feed";
			sourceTree = "<group>";
		};
		641DFDC428F164D500F13AEA /* Infrastructure */ = {
			isa = PBXGroup;
			children = (
				641DFDC528F164F900F13AEA /* API */,
				641DFDEC28F18C3400F13AEA /* CoreData */,
			);
			path = Infrastructure;
			sourceTree = "<group>";
		};
		641DFDC528F164F900F13AEA /* API */ = {
			isa = PBXGroup;
			children = (
				641DFDC628F1650A00F13AEA /* PeopleFeedApiEndpoint.swift */,
				641DFDC928F1691200F13AEA /* PeopleFeedResultMapper.swift */,
			);
			path = API;
			sourceTree = "<group>";
		};
		641DFDCD28F1780200F13AEA /* Rooms Feed */ = {
			isa = PBXGroup;
			children = (
				641DFE2028F1BB4C00F13AEA /* Domain */,
				641DFDCE28F1780C00F13AEA /* Infrastructure */,
				641DFDE528F1868E00F13AEA /* LocalRoom.swift */,
				641DFDF428F1913C00F13AEA /* RoomsFeedStorage.swift */,
			);
			path = "Rooms Feed";
			sourceTree = "<group>";
		};
		641DFDCE28F1780C00F13AEA /* Infrastructure */ = {
			isa = PBXGroup;
			children = (
				641DFDCF28F1781100F13AEA /* API */,
				641DFDEB28F18C0600F13AEA /* CoreData */,
			);
			path = Infrastructure;
			sourceTree = "<group>";
		};
		641DFDCF28F1781100F13AEA /* API */ = {
			isa = PBXGroup;
			children = (
				641DFDD228F17A5C00F13AEA /* RoomsFeedApiEndpoint.swift */,
				641DFDD428F17AD900F13AEA /* RoomsFeedResultMapper.swift */,
			);
			path = API;
			sourceTree = "<group>";
		};
		641DFDD628F17D9700F13AEA /* CoreData */ = {
			isa = PBXGroup;
			children = (
				641DFDD728F17DB800F13AEA /* CoreDataStorage.swift */,
				641DFDDF28F1848900F13AEA /* ManagedPerson+CoreDataClass.swift */,
				641DFDE028F1848900F13AEA /* ManagedRoom+CoreDataClass.swift */,
				641DFDDC28F182EC00F13AEA /* OfficeeStore.xcdatamodeld */,
			);
			path = CoreData;
			sourceTree = "<group>";
		};
		641DFDEB28F18C0600F13AEA /* CoreData */ = {
			isa = PBXGroup;
			children = (
				641DFDE928F18B8D00F13AEA /* ManagedRoom+Operations.swift */,
				641DFDF628F1922D00F13AEA /* CoreDataRoomsFeedStorage.swift */,
			);
			path = CoreData;
			sourceTree = "<group>";
		};
		641DFDEC28F18C3400F13AEA /* CoreData */ = {
			isa = PBXGroup;
			children = (
				641DFDE728F187D600F13AEA /* ManagedPerson+Operations.swift */,
				641DFDF228F18E8000F13AEA /* CoreDataPeopleFeedStorage.swift */,
			);
			path = CoreData;
			sourceTree = "<group>";
		};
		641DFE1928F1BADE00F13AEA /* Domain */ = {
			isa = PBXGroup;
			children = (
				641DFE1E28F1BB3800F13AEA /* Person.swift */,
			);
			path = Domain;
			sourceTree = "<group>";
		};
		641DFE2028F1BB4C00F13AEA /* Domain */ = {
			isa = PBXGroup;
			children = (
				641DFE2128F1BB6B00F13AEA /* Room.swift */,
			);
			path = Domain;
			sourceTree = "<group>";
		};
		64468B9D28F1D6CB000F901B /* Base Scene Classes */ = {
			isa = PBXGroup;
			children = (
				649906062901A68200C12BAC /* Models */,
				64468B9E28F1D6CB000F901B /* View */,
			);
			path = "Base Scene Classes";
			sourceTree = "<group>";
		};
		64468B9E28F1D6CB000F901B /* View */ = {
			isa = PBXGroup;
			children = (
				64468B9F28F1D6CB000F901B /* BaseViewController.swift */,
				64468BA028F1D6CB000F901B /* BaseView.swift */,
			);
			path = View;
			sourceTree = "<group>";
		};
		64468BA128F1D6CB000F901B /* Extensions */ = {
			isa = PBXGroup;
			children = (
				64468BA228F1D6CB000F901B /* UITableViewCell+Identifier.swift */,
				64468BA328F1D6CB000F901B /* UIViewExtensions.swift */,
				64468BA428F1D6CB000F901B /* UITableViewCell+SelectionColor.swift */,
				64468BA528F1D6CB000F901B /* UITableViewCell+NibInstantiable.swift */,
			);
			path = Extensions;
			sourceTree = "<group>";
		};
		64468BA628F1D6CB000F901B /* Helpers */ = {
			isa = PBXGroup;
			children = (
				64468BA728F1D6CB000F901B /* Aliases.swift */,
				64468BA828F1D6CB000F901B /* NibInstantiable.swift */,
				64468BA928F1D6CB000F901B /* ApplicableActionModel.swift */,
				6449001328F3636400B52F05 /* PlatformInterfaseSuffix.swift */,
			);
			path = Helpers;
			sourceTree = "<group>";
		};
		64468BAB28F1D6CB000F901B /* Base TableView Scene Classes */ = {
			isa = PBXGroup;
			children = (
				64468BAC28F1D6CB000F901B /* Models */,
				64468BB128F1D6CB000F901B /* View */,
			);
			path = "Base TableView Scene Classes";
			sourceTree = "<group>";
		};
		64468BAC28F1D6CB000F901B /* Models */ = {
			isa = PBXGroup;
			children = (
				64468BAD28F1D6CB000F901B /* TableSceneModels.swift */,
				64468BAE28F1D6CB000F901B /* BaseTableViewReusableViews.swift */,
				64468BAF28F1D6CB000F901B /* TableSectionModel.swift */,
				64468BB028F1D6CB000F901B /* CommonTableViewModelState.swift */,
			);
			path = Models;
			sourceTree = "<group>";
		};
		64468BB128F1D6CB000F901B /* View */ = {
			isa = PBXGroup;
			children = (
				64468BB228F1D6CB000F901B /* BaseTableViewControllerView.swift */,
				64468BB328F1D6CB000F901B /* BaseTableViewController.swift */,
			);
			path = View;
			sourceTree = "<group>";
		};
		644C4E0A2904249D004AA277 /* OfficeeTests */ = {
			isa = PBXGroup;
			children = (
				644C4E172904256F004AA277 /* Helpers */,
				644C4E13290424E6004AA277 /* Infrastructure */,
			);
			path = OfficeeTests;
			sourceTree = "<group>";
		};
		644C4E13290424E6004AA277 /* Infrastructure */ = {
			isa = PBXGroup;
			children = (
				644C4E14290424F5004AA277 /* API */,
			);
			path = Infrastructure;
			sourceTree = "<group>";
		};
		644C4E14290424F5004AA277 /* API */ = {
			isa = PBXGroup;
			children = (
				644C4E1E29042F53004AA277 /* Helpers */,
				644C4E152904251B004AA277 /* HTTPURLResponseDataMapperTests.swift */,
				644C4E1C29042BDB004AA277 /* URLSessionHTTPClientTests.swift */,
			);
			path = API;
			sourceTree = "<group>";
		};
		644C4E172904256F004AA277 /* Helpers */ = {
			isa = PBXGroup;
			children = (
				644C4E18290425C6004AA277 /* SharedTestsHelpers.swift */,
			);
			path = Helpers;
			sourceTree = "<group>";
		};
		644C4E1E29042F53004AA277 /* Helpers */ = {
			isa = PBXGroup;
			children = (
				644C4E1F29042F69004AA277 /* URLProtocolStub.swift */,
			);
			path = Helpers;
			sourceTree = "<group>";
		};
		649906062901A68200C12BAC /* Models */ = {
			isa = PBXGroup;
			children = (
				649906072901A69000C12BAC /* CommonViewModelState.swift */,
			);
			path = Models;
			sourceTree = "<group>";
		};
/* End PBXGroup section */

/* Begin PBXHeadersBuildPhase section */
		641DFD5A28F0982100F13AEA /* Headers */ = {
			isa = PBXHeadersBuildPhase;
			buildActionMask = 2147483647;
			files = (
			);
			runOnlyForDeploymentPostprocessing = 0;
		};
		641DFD8E28F099A500F13AEA /* Headers */ = {
			isa = PBXHeadersBuildPhase;
			buildActionMask = 2147483647;
			files = (
			);
			runOnlyForDeploymentPostprocessing = 0;
		};
/* End PBXHeadersBuildPhase section */

/* Begin PBXNativeTarget section */
		641DFD5E28F0982100F13AEA /* OfficeeiOSCore */ = {
			isa = PBXNativeTarget;
			buildConfigurationList = 641DFD6328F0982100F13AEA /* Build configuration list for PBXNativeTarget "OfficeeiOSCore" */;
			buildPhases = (
				641DFD5A28F0982100F13AEA /* Headers */,
				641DFD5B28F0982100F13AEA /* Sources */,
				641DFD5C28F0982100F13AEA /* Frameworks */,
				641DFD5D28F0982100F13AEA /* Resources */,
			);
			buildRules = (
			);
			dependencies = (
			);
			name = OfficeeiOSCore;
			productName = OfficeeiOSCore;
			productReference = 641DFD5F28F0982100F13AEA /* OfficeeiOSCore.framework */;
			productType = "com.apple.product-type.framework";
		};
		641DFD9228F099A500F13AEA /* Officee */ = {
			isa = PBXNativeTarget;
			buildConfigurationList = 641DFD9728F099A600F13AEA /* Build configuration list for PBXNativeTarget "Officee" */;
			buildPhases = (
				641DFD8E28F099A500F13AEA /* Headers */,
				641DFD8F28F099A500F13AEA /* Sources */,
				641DFD9028F099A500F13AEA /* Frameworks */,
				641DFD9128F099A500F13AEA /* Resources */,
			);
			buildRules = (
			);
			dependencies = (
			);
			name = Officee;
			productName = Officee;
			productReference = 641DFD9328F099A500F13AEA /* Officee.framework */;
			productType = "com.apple.product-type.framework";
		};
		644C4E082904249D004AA277 /* OfficeeTests */ = {
			isa = PBXNativeTarget;
			buildConfigurationList = 644C4E122904249D004AA277 /* Build configuration list for PBXNativeTarget "OfficeeTests" */;
			buildPhases = (
				644C4E052904249D004AA277 /* Sources */,
				644C4E062904249D004AA277 /* Frameworks */,
				644C4E072904249D004AA277 /* Resources */,
			);
			buildRules = (
			);
			dependencies = (
				644C4E0F2904249D004AA277 /* PBXTargetDependency */,
			);
			name = OfficeeTests;
			productName = OfficeeTests;
			productReference = 644C4E092904249D004AA277 /* OfficeeTests.xctest */;
			productType = "com.apple.product-type.bundle.unit-test";
		};
/* End PBXNativeTarget section */

/* Begin PBXProject section */
		641DFD4728F096C100F13AEA /* Project object */ = {
			isa = PBXProject;
			attributes = {
				BuildIndependentTargetsInParallel = 1;
				LastSwiftUpdateCheck = 1400;
				LastUpgradeCheck = 1340;
				TargetAttributes = {
					641DFD5E28F0982100F13AEA = {
						CreatedOnToolsVersion = 13.4.1;
					};
					641DFD9228F099A500F13AEA = {
						CreatedOnToolsVersion = 13.4.1;
						LastSwiftMigration = 1340;
					};
					644C4E082904249D004AA277 = {
						CreatedOnToolsVersion = 14.0.1;
					};
				};
			};
			buildConfigurationList = 641DFD4A28F096C100F13AEA /* Build configuration list for PBXProject "Officee" */;
			compatibilityVersion = "Xcode 13.0";
			developmentRegion = en;
			hasScannedForEncodings = 0;
			knownRegions = (
				en,
				Base,
			);
			mainGroup = 641DFD4628F096C100F13AEA;
			productRefGroup = 641DFD5128F096C100F13AEA /* Products */;
			projectDirPath = "";
			projectRoot = "";
			targets = (
				641DFD9228F099A500F13AEA /* Officee */,
				641DFD5E28F0982100F13AEA /* OfficeeiOSCore */,
				644C4E082904249D004AA277 /* OfficeeTests */,
			);
		};
/* End PBXProject section */

/* Begin PBXResourcesBuildPhase section */
		641DFD5D28F0982100F13AEA /* Resources */ = {
			isa = PBXResourcesBuildPhase;
			buildActionMask = 2147483647;
			files = (
			);
			runOnlyForDeploymentPostprocessing = 0;
		};
		641DFD9128F099A500F13AEA /* Resources */ = {
			isa = PBXResourcesBuildPhase;
			buildActionMask = 2147483647;
			files = (
			);
			runOnlyForDeploymentPostprocessing = 0;
		};
		644C4E072904249D004AA277 /* Resources */ = {
			isa = PBXResourcesBuildPhase;
			buildActionMask = 2147483647;
			files = (
			);
			runOnlyForDeploymentPostprocessing = 0;
		};
/* End PBXResourcesBuildPhase section */

/* Begin PBXSourcesBuildPhase section */
		641DFD5B28F0982100F13AEA /* Sources */ = {
			isa = PBXSourcesBuildPhase;
			buildActionMask = 2147483647;
			files = (
				64468BB828F1D6CB000F901B /* UITableViewCell+SelectionColor.swift in Sources */,
				64468BB428F1D6CB000F901B /* BaseViewController.swift in Sources */,
				64468BB528F1D6CB000F901B /* BaseView.swift in Sources */,
				649906082901A69000C12BAC /* CommonViewModelState.swift in Sources */,
				6449001428F3636400B52F05 /* PlatformInterfaseSuffix.swift in Sources */,
				64468BC128F1D6CB000F901B /* CommonTableViewModelState.swift in Sources */,
				64468BBC28F1D6CB000F901B /* ApplicableActionModel.swift in Sources */,
				64468BBE28F1D6CB000F901B /* TableSceneModels.swift in Sources */,
				64468BBA28F1D6CB000F901B /* Aliases.swift in Sources */,
				64468BC028F1D6CB000F901B /* TableSectionModel.swift in Sources */,
				64468BB728F1D6CB000F901B /* UIViewExtensions.swift in Sources */,
				64468BC328F1D6CB000F901B /* BaseTableViewController.swift in Sources */,
				64468BBF28F1D6CB000F901B /* BaseTableViewReusableViews.swift in Sources */,
				64468BC228F1D6CB000F901B /* BaseTableViewControllerView.swift in Sources */,
				64468BB628F1D6CB000F901B /* UITableViewCell+Identifier.swift in Sources */,
				64468BB928F1D6CB000F901B /* UITableViewCell+NibInstantiable.swift in Sources */,
				64468BBB28F1D6CB000F901B /* NibInstantiable.swift in Sources */,
			);
			runOnlyForDeploymentPostprocessing = 0;
		};
		641DFD8F28F099A500F13AEA /* Sources */ = {
			isa = PBXSourcesBuildPhase;
			buildActionMask = 2147483647;
			files = (
				644D1D492905BF2E0006AFBF /* URLRequestFactory+API.swift in Sources */,
				641DFDBE28F15F5700F13AEA /* Cancellable.swift in Sources */,
				641DFDE428F1865700F13AEA /* LocalPerson.swift in Sources */,
				641DFDE128F1848900F13AEA /* ManagedRoom+CoreDataClass.swift in Sources */,
				644D1D432905A84E0006AFBF /* URLRequestFactory.swift in Sources */,
				641DFDAC28F0B0B000F13AEA /* HTTPClient.swift in Sources */,
				641DFDB228F0B2EA00F13AEA /* URLSessionHTTPClient.swift in Sources */,
				641DFDCA28F1691200F13AEA /* PeopleFeedResultMapper.swift in Sources */,
				641DFDB928F0B51C00F13AEA /* HTTPURLResponseValidator.swift in Sources */,
				641DFDE228F1848900F13AEA /* ManagedPerson+CoreDataClass.swift in Sources */,
				641DFDF328F18E8000F13AEA /* CoreDataPeopleFeedStorage.swift in Sources */,
				641DFDD828F17DB800F13AEA /* CoreDataStorage.swift in Sources */,
				641DFDB728F0B42000F13AEA /* HTTPURLResponse+StatusCode.swift in Sources */,
				641DFDDE28F182EC00F13AEA /* OfficeeStore.xcdatamodeld in Sources */,
				641DFDC728F1650A00F13AEA /* PeopleFeedApiEndpoint.swift in Sources */,
				641DFE1F28F1BB3800F13AEA /* Person.swift in Sources */,
				641DFDD328F17A5C00F13AEA /* RoomsFeedApiEndpoint.swift in Sources */,
				641DFDF028F18D1E00F13AEA /* PeopleFeedStorage.swift in Sources */,
				641DFDF528F1913D00F13AEA /* RoomsFeedStorage.swift in Sources */,
				644C4E22290431A9004AA277 /* URLRequest+HTTPMethod.swift in Sources */,
				641DFDD528F17AD900F13AEA /* RoomsFeedResultMapper.swift in Sources */,
				641DFDF728F1922D00F13AEA /* CoreDataRoomsFeedStorage.swift in Sources */,
				64400F282901783B0079243A /* KeyPath+NSObject.swift in Sources */,
				641DFDE828F187D600F13AEA /* ManagedPerson+Operations.swift in Sources */,
				641DFDE628F1868E00F13AEA /* LocalRoom.swift in Sources */,
				641DFE2228F1BB6B00F13AEA /* Room.swift in Sources */,
				641DFDB528F0B34F00F13AEA /* Aliases.swift in Sources */,
				644D1D452905A8890006AFBF /* URLRequestFactoryImpl.swift in Sources */,
				641DFDEA28F18B8D00F13AEA /* ManagedRoom+Operations.swift in Sources */,
				641DFDC228F163AF00F13AEA /* ApiEndpoint.swift in Sources */,
				64123A4828F6E04C0061264E /* HTTPURLResponseDataMapper.swift in Sources */,
			);
			runOnlyForDeploymentPostprocessing = 0;
		};
		644C4E052904249D004AA277 /* Sources */ = {
			isa = PBXSourcesBuildPhase;
			buildActionMask = 2147483647;
			files = (
				644C4E19290425C6004AA277 /* SharedTestsHelpers.swift in Sources */,
				644C4E162904251B004AA277 /* HTTPURLResponseDataMapperTests.swift in Sources */,
				644C4E1D29042BDB004AA277 /* URLSessionHTTPClientTests.swift in Sources */,
				644C4E2029042F69004AA277 /* URLProtocolStub.swift in Sources */,
			);
			runOnlyForDeploymentPostprocessing = 0;
		};
/* End PBXSourcesBuildPhase section */

/* Begin PBXTargetDependency section */
		644C4E0F2904249D004AA277 /* PBXTargetDependency */ = {
			isa = PBXTargetDependency;
			target = 641DFD9228F099A500F13AEA /* Officee */;
			targetProxy = 644C4E0E2904249D004AA277 /* PBXContainerItemProxy */;
		};
/* End PBXTargetDependency section */

/* Begin XCBuildConfiguration section */
		641DFD5528F096C100F13AEA /* Debug */ = {
			isa = XCBuildConfiguration;
			buildSettings = {
				ALWAYS_SEARCH_USER_PATHS = NO;
				CLANG_ANALYZER_NONNULL = YES;
				CLANG_ANALYZER_NUMBER_OBJECT_CONVERSION = YES_AGGRESSIVE;
				CLANG_CXX_LANGUAGE_STANDARD = "gnu++17";
				CLANG_ENABLE_MODULES = YES;
				CLANG_ENABLE_OBJC_ARC = YES;
				CLANG_ENABLE_OBJC_WEAK = YES;
				CLANG_WARN_BLOCK_CAPTURE_AUTORELEASING = YES;
				CLANG_WARN_BOOL_CONVERSION = YES;
				CLANG_WARN_COMMA = YES;
				CLANG_WARN_CONSTANT_CONVERSION = YES;
				CLANG_WARN_DEPRECATED_OBJC_IMPLEMENTATIONS = YES;
				CLANG_WARN_DIRECT_OBJC_ISA_USAGE = YES_ERROR;
				CLANG_WARN_DOCUMENTATION_COMMENTS = YES;
				CLANG_WARN_EMPTY_BODY = YES;
				CLANG_WARN_ENUM_CONVERSION = YES;
				CLANG_WARN_INFINITE_RECURSION = YES;
				CLANG_WARN_INT_CONVERSION = YES;
				CLANG_WARN_NON_LITERAL_NULL_CONVERSION = YES;
				CLANG_WARN_OBJC_IMPLICIT_RETAIN_SELF = YES;
				CLANG_WARN_OBJC_LITERAL_CONVERSION = YES;
				CLANG_WARN_OBJC_ROOT_CLASS = YES_ERROR;
				CLANG_WARN_QUOTED_INCLUDE_IN_FRAMEWORK_HEADER = YES;
				CLANG_WARN_RANGE_LOOP_ANALYSIS = YES;
				CLANG_WARN_STRICT_PROTOTYPES = YES;
				CLANG_WARN_SUSPICIOUS_MOVE = YES;
				CLANG_WARN_UNGUARDED_AVAILABILITY = YES_AGGRESSIVE;
				CLANG_WARN_UNREACHABLE_CODE = YES;
				CLANG_WARN__DUPLICATE_METHOD_MATCH = YES;
				COPY_PHASE_STRIP = NO;
				CURRENT_PROJECT_VERSION = 1;
				DEBUG_INFORMATION_FORMAT = dwarf;
				ENABLE_STRICT_OBJC_MSGSEND = YES;
				ENABLE_TESTABILITY = YES;
				GCC_C_LANGUAGE_STANDARD = gnu11;
				GCC_DYNAMIC_NO_PIC = NO;
				GCC_NO_COMMON_BLOCKS = YES;
				GCC_OPTIMIZATION_LEVEL = 0;
				GCC_PREPROCESSOR_DEFINITIONS = (
					"DEBUG=1",
					"$(inherited)",
				);
				GCC_WARN_64_TO_32_BIT_CONVERSION = YES;
				GCC_WARN_ABOUT_RETURN_TYPE = YES_ERROR;
				GCC_WARN_UNDECLARED_SELECTOR = YES;
				GCC_WARN_UNINITIALIZED_AUTOS = YES_AGGRESSIVE;
				GCC_WARN_UNUSED_FUNCTION = YES;
				GCC_WARN_UNUSED_VARIABLE = YES;
				IPHONEOS_DEPLOYMENT_TARGET = 15.5;
				MTL_ENABLE_DEBUG_INFO = INCLUDE_SOURCE;
				MTL_FAST_MATH = YES;
				ONLY_ACTIVE_ARCH = YES;
				SDKROOT = iphoneos;
				SWIFT_ACTIVE_COMPILATION_CONDITIONS = DEBUG;
				SWIFT_OPTIMIZATION_LEVEL = "-Onone";
				VERSIONING_SYSTEM = "apple-generic";
				VERSION_INFO_PREFIX = "";
			};
			name = Debug;
		};
		641DFD5628F096C100F13AEA /* Release */ = {
			isa = XCBuildConfiguration;
			buildSettings = {
				ALWAYS_SEARCH_USER_PATHS = NO;
				CLANG_ANALYZER_NONNULL = YES;
				CLANG_ANALYZER_NUMBER_OBJECT_CONVERSION = YES_AGGRESSIVE;
				CLANG_CXX_LANGUAGE_STANDARD = "gnu++17";
				CLANG_ENABLE_MODULES = YES;
				CLANG_ENABLE_OBJC_ARC = YES;
				CLANG_ENABLE_OBJC_WEAK = YES;
				CLANG_WARN_BLOCK_CAPTURE_AUTORELEASING = YES;
				CLANG_WARN_BOOL_CONVERSION = YES;
				CLANG_WARN_COMMA = YES;
				CLANG_WARN_CONSTANT_CONVERSION = YES;
				CLANG_WARN_DEPRECATED_OBJC_IMPLEMENTATIONS = YES;
				CLANG_WARN_DIRECT_OBJC_ISA_USAGE = YES_ERROR;
				CLANG_WARN_DOCUMENTATION_COMMENTS = YES;
				CLANG_WARN_EMPTY_BODY = YES;
				CLANG_WARN_ENUM_CONVERSION = YES;
				CLANG_WARN_INFINITE_RECURSION = YES;
				CLANG_WARN_INT_CONVERSION = YES;
				CLANG_WARN_NON_LITERAL_NULL_CONVERSION = YES;
				CLANG_WARN_OBJC_IMPLICIT_RETAIN_SELF = YES;
				CLANG_WARN_OBJC_LITERAL_CONVERSION = YES;
				CLANG_WARN_OBJC_ROOT_CLASS = YES_ERROR;
				CLANG_WARN_QUOTED_INCLUDE_IN_FRAMEWORK_HEADER = YES;
				CLANG_WARN_RANGE_LOOP_ANALYSIS = YES;
				CLANG_WARN_STRICT_PROTOTYPES = YES;
				CLANG_WARN_SUSPICIOUS_MOVE = YES;
				CLANG_WARN_UNGUARDED_AVAILABILITY = YES_AGGRESSIVE;
				CLANG_WARN_UNREACHABLE_CODE = YES;
				CLANG_WARN__DUPLICATE_METHOD_MATCH = YES;
				COPY_PHASE_STRIP = NO;
				CURRENT_PROJECT_VERSION = 1;
				DEBUG_INFORMATION_FORMAT = "dwarf-with-dsym";
				ENABLE_NS_ASSERTIONS = NO;
				ENABLE_STRICT_OBJC_MSGSEND = YES;
				GCC_C_LANGUAGE_STANDARD = gnu11;
				GCC_NO_COMMON_BLOCKS = YES;
				GCC_WARN_64_TO_32_BIT_CONVERSION = YES;
				GCC_WARN_ABOUT_RETURN_TYPE = YES_ERROR;
				GCC_WARN_UNDECLARED_SELECTOR = YES;
				GCC_WARN_UNINITIALIZED_AUTOS = YES_AGGRESSIVE;
				GCC_WARN_UNUSED_FUNCTION = YES;
				GCC_WARN_UNUSED_VARIABLE = YES;
				IPHONEOS_DEPLOYMENT_TARGET = 15.5;
				MTL_ENABLE_DEBUG_INFO = NO;
				MTL_FAST_MATH = YES;
				SDKROOT = iphoneos;
				SWIFT_COMPILATION_MODE = wholemodule;
				SWIFT_OPTIMIZATION_LEVEL = "-O";
				VALIDATE_PRODUCT = YES;
				VERSIONING_SYSTEM = "apple-generic";
				VERSION_INFO_PREFIX = "";
			};
			name = Release;
		};
		641DFD6428F0982100F13AEA /* Debug */ = {
			isa = XCBuildConfiguration;
			buildSettings = {
				CODE_SIGN_STYLE = Automatic;
				CURRENT_PROJECT_VERSION = 1;
				DEFINES_MODULE = YES;
				DYLIB_COMPATIBILITY_VERSION = 1;
				DYLIB_CURRENT_VERSION = 1;
				DYLIB_INSTALL_NAME_BASE = "@rpath";
				GENERATE_INFOPLIST_FILE = YES;
				INFOPLIST_KEY_NSHumanReadableCopyright = "";
				INSTALL_PATH = "$(LOCAL_LIBRARY_DIR)/Frameworks";
				IPHONEOS_DEPLOYMENT_TARGET = 14.0;
				LD_RUNPATH_SEARCH_PATHS = (
					"$(inherited)",
					"@executable_path/Frameworks",
					"@loader_path/Frameworks",
				);
				MARKETING_VERSION = 1.0;
				PRODUCT_BUNDLE_IDENTIFIER = valeriy.litovchenko.OfficeeiOSCore;
				PRODUCT_NAME = "$(TARGET_NAME:c99extidentifier)";
				SKIP_INSTALL = YES;
				SWIFT_EMIT_LOC_STRINGS = YES;
				SWIFT_VERSION = 5.0;
				TARGETED_DEVICE_FAMILY = "1,2";
			};
			name = Debug;
		};
		641DFD6528F0982100F13AEA /* Release */ = {
			isa = XCBuildConfiguration;
			buildSettings = {
				CODE_SIGN_STYLE = Automatic;
				CURRENT_PROJECT_VERSION = 1;
				DEFINES_MODULE = YES;
				DYLIB_COMPATIBILITY_VERSION = 1;
				DYLIB_CURRENT_VERSION = 1;
				DYLIB_INSTALL_NAME_BASE = "@rpath";
				GENERATE_INFOPLIST_FILE = YES;
				INFOPLIST_KEY_NSHumanReadableCopyright = "";
				INSTALL_PATH = "$(LOCAL_LIBRARY_DIR)/Frameworks";
				IPHONEOS_DEPLOYMENT_TARGET = 14.0;
				LD_RUNPATH_SEARCH_PATHS = (
					"$(inherited)",
					"@executable_path/Frameworks",
					"@loader_path/Frameworks",
				);
				MARKETING_VERSION = 1.0;
				PRODUCT_BUNDLE_IDENTIFIER = valeriy.litovchenko.OfficeeiOSCore;
				PRODUCT_NAME = "$(TARGET_NAME:c99extidentifier)";
				SKIP_INSTALL = YES;
				SWIFT_EMIT_LOC_STRINGS = YES;
				SWIFT_VERSION = 5.0;
				TARGETED_DEVICE_FAMILY = "1,2";
			};
			name = Release;
		};
		641DFD9828F099A600F13AEA /* Debug */ = {
			isa = XCBuildConfiguration;
			buildSettings = {
				CLANG_ENABLE_MODULES = YES;
				CODE_SIGN_STYLE = Automatic;
				CURRENT_PROJECT_VERSION = 1;
				DEFINES_MODULE = YES;
				DYLIB_COMPATIBILITY_VERSION = 1;
				DYLIB_CURRENT_VERSION = 1;
				DYLIB_INSTALL_NAME_BASE = "@rpath";
				GENERATE_INFOPLIST_FILE = YES;
				INFOPLIST_KEY_NSHumanReadableCopyright = "";
				INSTALL_PATH = "$(LOCAL_LIBRARY_DIR)/Frameworks";
				IPHONEOS_DEPLOYMENT_TARGET = 14.0;
				LD_RUNPATH_SEARCH_PATHS = (
					"$(inherited)",
					"@executable_path/Frameworks",
					"@loader_path/Frameworks",
				);
				MARKETING_VERSION = 1.0;
				PRODUCT_BUNDLE_IDENTIFIER = valeriy.litovchenko.Officee;
				PRODUCT_NAME = "$(TARGET_NAME:c99extidentifier)";
				SKIP_INSTALL = YES;
				SWIFT_EMIT_LOC_STRINGS = YES;
				SWIFT_OPTIMIZATION_LEVEL = "-Onone";
				SWIFT_VERSION = 5.0;
				TARGETED_DEVICE_FAMILY = "1,2";
			};
			name = Debug;
		};
		641DFD9928F099A600F13AEA /* Release */ = {
			isa = XCBuildConfiguration;
			buildSettings = {
				CLANG_ENABLE_MODULES = YES;
				CODE_SIGN_STYLE = Automatic;
				CURRENT_PROJECT_VERSION = 1;
				DEFINES_MODULE = YES;
				DYLIB_COMPATIBILITY_VERSION = 1;
				DYLIB_CURRENT_VERSION = 1;
				DYLIB_INSTALL_NAME_BASE = "@rpath";
				GENERATE_INFOPLIST_FILE = YES;
				INFOPLIST_KEY_NSHumanReadableCopyright = "";
				INSTALL_PATH = "$(LOCAL_LIBRARY_DIR)/Frameworks";
				IPHONEOS_DEPLOYMENT_TARGET = 14.0;
				LD_RUNPATH_SEARCH_PATHS = (
					"$(inherited)",
					"@executable_path/Frameworks",
					"@loader_path/Frameworks",
				);
				MARKETING_VERSION = 1.0;
				PRODUCT_BUNDLE_IDENTIFIER = valeriy.litovchenko.Officee;
				PRODUCT_NAME = "$(TARGET_NAME:c99extidentifier)";
				SKIP_INSTALL = YES;
				SWIFT_EMIT_LOC_STRINGS = YES;
				SWIFT_VERSION = 5.0;
				TARGETED_DEVICE_FAMILY = "1,2";
			};
			name = Release;
		};
		644C4E102904249D004AA277 /* Debug */ = {
			isa = XCBuildConfiguration;
			buildSettings = {
				CLANG_CXX_LANGUAGE_STANDARD = "gnu++20";
				CODE_SIGN_STYLE = Automatic;
				CURRENT_PROJECT_VERSION = 1;
				GENERATE_INFOPLIST_FILE = YES;
				IPHONEOS_DEPLOYMENT_TARGET = 16.0;
				MARKETING_VERSION = 1.0;
				PRODUCT_BUNDLE_IDENTIFIER = valeriy.litovchenko.OfficeeTests;
				PRODUCT_NAME = "$(TARGET_NAME)";
				SWIFT_EMIT_LOC_STRINGS = NO;
				SWIFT_VERSION = 5.0;
				TARGETED_DEVICE_FAMILY = "1,2";
			};
			name = Debug;
		};
		644C4E112904249D004AA277 /* Release */ = {
			isa = XCBuildConfiguration;
			buildSettings = {
				CLANG_CXX_LANGUAGE_STANDARD = "gnu++20";
				CODE_SIGN_STYLE = Automatic;
				CURRENT_PROJECT_VERSION = 1;
				GENERATE_INFOPLIST_FILE = YES;
				IPHONEOS_DEPLOYMENT_TARGET = 16.0;
				MARKETING_VERSION = 1.0;
				PRODUCT_BUNDLE_IDENTIFIER = valeriy.litovchenko.OfficeeTests;
				PRODUCT_NAME = "$(TARGET_NAME)";
				SWIFT_EMIT_LOC_STRINGS = NO;
				SWIFT_VERSION = 5.0;
				TARGETED_DEVICE_FAMILY = "1,2";
			};
			name = Release;
		};
/* End XCBuildConfiguration section */

/* Begin XCConfigurationList section */
		641DFD4A28F096C100F13AEA /* Build configuration list for PBXProject "Officee" */ = {
			isa = XCConfigurationList;
			buildConfigurations = (
				641DFD5528F096C100F13AEA /* Debug */,
				641DFD5628F096C100F13AEA /* Release */,
			);
			defaultConfigurationIsVisible = 0;
			defaultConfigurationName = Release;
		};
		641DFD6328F0982100F13AEA /* Build configuration list for PBXNativeTarget "OfficeeiOSCore" */ = {
			isa = XCConfigurationList;
			buildConfigurations = (
				641DFD6428F0982100F13AEA /* Debug */,
				641DFD6528F0982100F13AEA /* Release */,
			);
			defaultConfigurationIsVisible = 0;
			defaultConfigurationName = Release;
		};
		641DFD9728F099A600F13AEA /* Build configuration list for PBXNativeTarget "Officee" */ = {
			isa = XCConfigurationList;
			buildConfigurations = (
				641DFD9828F099A600F13AEA /* Debug */,
				641DFD9928F099A600F13AEA /* Release */,
			);
			defaultConfigurationIsVisible = 0;
			defaultConfigurationName = Release;
		};
		644C4E122904249D004AA277 /* Build configuration list for PBXNativeTarget "OfficeeTests" */ = {
			isa = XCConfigurationList;
			buildConfigurations = (
				644C4E102904249D004AA277 /* Debug */,
				644C4E112904249D004AA277 /* Release */,
			);
			defaultConfigurationIsVisible = 0;
			defaultConfigurationName = Release;
		};
/* End XCConfigurationList section */

/* Begin XCVersionGroup section */
		641DFDDC28F182EC00F13AEA /* OfficeeStore.xcdatamodeld */ = {
			isa = XCVersionGroup;
			children = (
				641DFDDD28F182EC00F13AEA /* OfficeeStore.xcdatamodel */,
			);
			currentVersion = 641DFDDD28F182EC00F13AEA /* OfficeeStore.xcdatamodel */;
			path = OfficeeStore.xcdatamodeld;
			sourceTree = "<group>";
			versionGroupType = wrapper.xcdatamodel;
		};
/* End XCVersionGroup section */
	};
	rootObject = 641DFD4728F096C100F13AEA /* Project object */;
}
